// !$*UTF8*$!
{
	archiveVersion = 1;
	classes = {
	};
	objectVersion = 56;
	objects = {

/* Begin PBXBuildFile section */
		F9387E402B3F032B00106DB6 /* CharactersViewController.swift in Sources */ = {isa = PBXBuildFile; fileRef = F9387E3F2B3F032B00106DB6 /* CharactersViewController.swift */; };
		F9387E432B3F040600106DB6 /* CharactersPresenter.swift in Sources */ = {isa = PBXBuildFile; fileRef = F9387E422B3F040600106DB6 /* CharactersPresenter.swift */; };
		F9387E492B3F04D800106DB6 /* CharactersErrorViewModel.swift in Sources */ = {isa = PBXBuildFile; fileRef = F9387E482B3F04D800106DB6 /* CharactersErrorViewModel.swift */; };
		F9387E4B2B3F054B00106DB6 /* CharacterCellController.swift in Sources */ = {isa = PBXBuildFile; fileRef = F9387E4A2B3F054B00106DB6 /* CharacterCellController.swift */; };
		F9387E4E2B3F05B900106DB6 /* CharacterCell.swift in Sources */ = {isa = PBXBuildFile; fileRef = F9387E4D2B3F05B900106DB6 /* CharacterCell.swift */; };
		F9387E512B3F077F00106DB6 /* UIView+Shimmering.swift in Sources */ = {isa = PBXBuildFile; fileRef = F9387E502B3F077F00106DB6 /* UIView+Shimmering.swift */; };
		F9387E532B3F07A900106DB6 /* UIImageView+Animations.swift in Sources */ = {isa = PBXBuildFile; fileRef = F9387E522B3F07A900106DB6 /* UIImageView+Animations.swift */; };
		F9387E552B3F082300106DB6 /* CharacterViewModel.swift in Sources */ = {isa = PBXBuildFile; fileRef = F9387E542B3F082300106DB6 /* CharacterViewModel.swift */; };
		F9387E572B3F097C00106DB6 /* UITableView+Dequeueing.swift in Sources */ = {isa = PBXBuildFile; fileRef = F9387E562B3F097C00106DB6 /* UITableView+Dequeueing.swift */; };
		F9387E592B3F0A2800106DB6 /* ErrorView.swift in Sources */ = {isa = PBXBuildFile; fileRef = F9387E582B3F0A2800106DB6 /* ErrorView.swift */; };
		F9387E5B2B3F0A8B00106DB6 /* UITableView+HeaderSizing.swift in Sources */ = {isa = PBXBuildFile; fileRef = F9387E5A2B3F0A8B00106DB6 /* UITableView+HeaderSizing.swift */; };
		F9387E5D2B3F0B0200106DB6 /* CharacterImagePresenter.swift in Sources */ = {isa = PBXBuildFile; fileRef = F9387E5C2B3F0B0200106DB6 /* CharacterImagePresenter.swift */; };
		F9387E5F2B3F0C2F00106DB6 /* UIRefreshControl+Helpers.swift in Sources */ = {isa = PBXBuildFile; fileRef = F9387E5E2B3F0C2F00106DB6 /* UIRefreshControl+Helpers.swift */; };
		F9387E622B3F335500106DB6 /* CharactersPresenterTests.swift in Sources */ = {isa = PBXBuildFile; fileRef = F9387E612B3F335500106DB6 /* CharactersPresenterTests.swift */; };
		F9387E642B3F356100106DB6 /* CharacterImagePresenterTests.swift in Sources */ = {isa = PBXBuildFile; fileRef = F9387E632B3F356100106DB6 /* CharacterImagePresenterTests.swift */; };
		F9387E672B3F3A1200106DB6 /* CharactersUIIntegrationTests.swift in Sources */ = {isa = PBXBuildFile; fileRef = F9387E662B3F3A1200106DB6 /* CharactersUIIntegrationTests.swift */; };
		F9387E6F2B3F3D3600106DB6 /* CharacterImageDataLoader.swift in Sources */ = {isa = PBXBuildFile; fileRef = F9387E6E2B3F3D3600106DB6 /* CharacterImageDataLoader.swift */; };
		F9387E732B3F3E2A00106DB6 /* CharactersViewAdapter.swift in Sources */ = {isa = PBXBuildFile; fileRef = F9387E722B3F3E2A00106DB6 /* CharactersViewAdapter.swift */; };
		F9387E752B3F3F1100106DB6 /* WeakRefVirtualProxy.swift in Sources */ = {isa = PBXBuildFile; fileRef = F9387E742B3F3F1100106DB6 /* WeakRefVirtualProxy.swift */; };
		F9387E772B3F3F8900106DB6 /* CharacterImageLoaderAdapter.swift in Sources */ = {isa = PBXBuildFile; fileRef = F9387E762B3F3F8900106DB6 /* CharacterImageLoaderAdapter.swift */; };
		F9387E792B3F5D1100106DB6 /* CharactersViewControllerRepresentable.swift in Sources */ = {isa = PBXBuildFile; fileRef = F9387E782B3F5D1100106DB6 /* CharactersViewControllerRepresentable.swift */; };
		F9387E7E2B3F5F5300106DB6 /* HTTPURLResponse+StatusCode.swift in Sources */ = {isa = PBXBuildFile; fileRef = F9387E7D2B3F5F5300106DB6 /* HTTPURLResponse+StatusCode.swift */; };
		F95685592B4B60300085C7B5 /* UIView+Container.swift in Sources */ = {isa = PBXBuildFile; fileRef = F95685582B4B60300085C7B5 /* UIView+Container.swift */; };
		F956855B2B4C66B60085C7B5 /* LoadMoreCell.swift in Sources */ = {isa = PBXBuildFile; fileRef = F956855A2B4C66B60085C7B5 /* LoadMoreCell.swift */; };
		F956855D2B4C66DD0085C7B5 /* LoadMoreCellController.swift in Sources */ = {isa = PBXBuildFile; fileRef = F956855C2B4C66DD0085C7B5 /* LoadMoreCellController.swift */; };
		F98D03822B3862FE00DAD0EC /* LocalCharacterLoader.swift in Sources */ = {isa = PBXBuildFile; fileRef = F98D03812B3862FE00DAD0EC /* LocalCharacterLoader.swift */; };
		F98D03842B38634200DAD0EC /* CharacterStore.swift in Sources */ = {isa = PBXBuildFile; fileRef = F98D03832B38634200DAD0EC /* CharacterStore.swift */; };
		F98D03862B38637000DAD0EC /* LocalCharacter.swift in Sources */ = {isa = PBXBuildFile; fileRef = F98D03852B38637000DAD0EC /* LocalCharacter.swift */; };
		F98D03882B3863C200DAD0EC /* CharacterCache.swift in Sources */ = {isa = PBXBuildFile; fileRef = F98D03872B3863C200DAD0EC /* CharacterCache.swift */; };
		F98D038A2B38662600DAD0EC /* CharacterCachePolicy.swift in Sources */ = {isa = PBXBuildFile; fileRef = F98D03892B38662600DAD0EC /* CharacterCachePolicy.swift */; };
		F98D038D2B38671C00DAD0EC /* CacheCharacterUseCaseTests.swift in Sources */ = {isa = PBXBuildFile; fileRef = F98D038C2B38671C00DAD0EC /* CacheCharacterUseCaseTests.swift */; };
		F98D038F2B38676500DAD0EC /* CharacterStoreSpy.swift in Sources */ = {isa = PBXBuildFile; fileRef = F98D038E2B38676500DAD0EC /* CharacterStoreSpy.swift */; };
		F98D03912B38684F00DAD0EC /* CharacterCacheTestHelpers.swift in Sources */ = {isa = PBXBuildFile; fileRef = F98D03902B38684F00DAD0EC /* CharacterCacheTestHelpers.swift */; };
		F98D03932B388E6400DAD0EC /* LoadCharacterFromCacheUseCaseTests.swift in Sources */ = {isa = PBXBuildFile; fileRef = F98D03922B388E6400DAD0EC /* LoadCharacterFromCacheUseCaseTests.swift */; };
		F98D03952B38902D00DAD0EC /* ValidateCharacterCacheUseCaseTests.swift in Sources */ = {isa = PBXBuildFile; fileRef = F98D03942B38902D00DAD0EC /* ValidateCharacterCacheUseCaseTests.swift */; };
		F98D03992B39BECA00DAD0EC /* CoreDataCharacterStore.swift in Sources */ = {isa = PBXBuildFile; fileRef = F98D03982B39BECA00DAD0EC /* CoreDataCharacterStore.swift */; };
		F98D039B2B39BF2200DAD0EC /* CoreDataCharacterStore+CharacterStore.swift in Sources */ = {isa = PBXBuildFile; fileRef = F98D039A2B39BF2200DAD0EC /* CoreDataCharacterStore+CharacterStore.swift */; };
		F98D039D2B39C01D00DAD0EC /* CoreDataHelpers.swift in Sources */ = {isa = PBXBuildFile; fileRef = F98D039C2B39C01D00DAD0EC /* CoreDataHelpers.swift */; };
		F98D039F2B39C03A00DAD0EC /* ManagedCache.swift in Sources */ = {isa = PBXBuildFile; fileRef = F98D039E2B39C03A00DAD0EC /* ManagedCache.swift */; };
		F98D03A12B39C09B00DAD0EC /* ManagedCharacter.swift in Sources */ = {isa = PBXBuildFile; fileRef = F98D03A02B39C09B00DAD0EC /* ManagedCharacter.swift */; };
		F98D03A42B39C40700DAD0EC /* CharacterStore.xcdatamodeld in Sources */ = {isa = PBXBuildFile; fileRef = F98D03A22B39C40700DAD0EC /* CharacterStore.xcdatamodeld */; };
		F98D03A82B3A1C0C00DAD0EC /* CharacterStoreSpecs.swift in Sources */ = {isa = PBXBuildFile; fileRef = F98D03A72B3A1C0C00DAD0EC /* CharacterStoreSpecs.swift */; };
		F98D03AA2B3A1C7700DAD0EC /* XCTestCase+CharacterStoreSpecs.swift in Sources */ = {isa = PBXBuildFile; fileRef = F98D03A92B3A1C7700DAD0EC /* XCTestCase+CharacterStoreSpecs.swift */; };
		F98D03AC2B3A1E6A00DAD0EC /* XCTestCase+FailableRetrieveCharacterStoreSpecs.swift in Sources */ = {isa = PBXBuildFile; fileRef = F98D03AB2B3A1E6A00DAD0EC /* XCTestCase+FailableRetrieveCharacterStoreSpecs.swift */; };
		F98D03AE2B3A1EBD00DAD0EC /* XCTestCase+FailableInsertCharacterStoreSpecs.swift in Sources */ = {isa = PBXBuildFile; fileRef = F98D03AD2B3A1EBD00DAD0EC /* XCTestCase+FailableInsertCharacterStoreSpecs.swift */; };
		F98D03B02B3A1F1B00DAD0EC /* XCTestCase+FailableDeleteCharacterStoreSpecs.swift in Sources */ = {isa = PBXBuildFile; fileRef = F98D03AF2B3A1F1B00DAD0EC /* XCTestCase+FailableDeleteCharacterStoreSpecs.swift */; };
		F98D03B22B3A1F6700DAD0EC /* CoreDataCharacterStoreTests.swift in Sources */ = {isa = PBXBuildFile; fileRef = F98D03B12B3A1F6700DAD0EC /* CoreDataCharacterStoreTests.swift */; };
		F9A9C7CD2B4732FB00ABEED9 /* CombineHelpers.swift in Sources */ = {isa = PBXBuildFile; fileRef = F9A9C7CC2B4732FB00ABEED9 /* CombineHelpers.swift */; };
		F9A9C7CF2B4734E900ABEED9 /* CharactersUIComposer.swift in Sources */ = {isa = PBXBuildFile; fileRef = F9A9C7CE2B4734E900ABEED9 /* CharactersUIComposer.swift */; };
		F9AC19D42B4026BB0057C441 /* CoreDataCharacterStore+CharacterImageDataStore.swift in Sources */ = {isa = PBXBuildFile; fileRef = F9AC19D32B4026BB0057C441 /* CoreDataCharacterStore+CharacterImageDataStore.swift */; };
		F9AC19D62B40274F0057C441 /* CharacterImageDataStore.swift in Sources */ = {isa = PBXBuildFile; fileRef = F9AC19D52B40274F0057C441 /* CharacterImageDataStore.swift */; };
		F9AC19D82B4028ED0057C441 /* LoadCharacterImageDataFromCacheUseCaseTests.swift in Sources */ = {isa = PBXBuildFile; fileRef = F9AC19D72B4028ED0057C441 /* LoadCharacterImageDataFromCacheUseCaseTests.swift */; };
		F9AC19DA2B4029F30057C441 /* LocalCharacterImageDataLoader.swift in Sources */ = {isa = PBXBuildFile; fileRef = F9AC19D92B4029F30057C441 /* LocalCharacterImageDataLoader.swift */; };
		F9AC19DC2B402AA30057C441 /* CharacterImageDataCache.swift in Sources */ = {isa = PBXBuildFile; fileRef = F9AC19DB2B402AA30057C441 /* CharacterImageDataCache.swift */; };
		F9AC19DE2B402AF40057C441 /* CharacterImageDataStoreSpy.swift in Sources */ = {isa = PBXBuildFile; fileRef = F9AC19DD2B402AF40057C441 /* CharacterImageDataStoreSpy.swift */; };
		F9B7A41D2B4EC04A00D8C202 /* CacheCharacterImageDataUseCaseTests.swift in Sources */ = {isa = PBXBuildFile; fileRef = F9B7A41C2B4EC04A00D8C202 /* CacheCharacterImageDataUseCaseTests.swift */; };
		F9B7A41F2B4EC12100D8C202 /* CoreDataCharacterImageDataStoreTests.swift in Sources */ = {isa = PBXBuildFile; fileRef = F9B7A41E2B4EC12100D8C202 /* CoreDataCharacterImageDataStoreTests.swift */; };
		F9D9A4962B34A69700CEC90B /* RickAndMortyAPIApp.swift in Sources */ = {isa = PBXBuildFile; fileRef = F9D9A4952B34A69700CEC90B /* RickAndMortyAPIApp.swift */; };
		F9D9A4982B34A69700CEC90B /* ContentView.swift in Sources */ = {isa = PBXBuildFile; fileRef = F9D9A4972B34A69700CEC90B /* ContentView.swift */; };
		F9D9A49A2B34A69800CEC90B /* Assets.xcassets in Resources */ = {isa = PBXBuildFile; fileRef = F9D9A4992B34A69800CEC90B /* Assets.xcassets */; };
		F9D9A49D2B34A69800CEC90B /* Preview Assets.xcassets in Resources */ = {isa = PBXBuildFile; fileRef = F9D9A49C2B34A69800CEC90B /* Preview Assets.xcassets */; };
		F9D9A4B12B34A69900CEC90B /* RickAndMortyAPIUITests.swift in Sources */ = {isa = PBXBuildFile; fileRef = F9D9A4B02B34A69900CEC90B /* RickAndMortyAPIUITests.swift */; };
		F9D9A4B32B34A69900CEC90B /* RickAndMortyAPIUITestsLaunchTests.swift in Sources */ = {isa = PBXBuildFile; fileRef = F9D9A4B22B34A69900CEC90B /* RickAndMortyAPIUITestsLaunchTests.swift */; };
		F9D9A4CB2B34A90C00CEC90B /* CharacterItemsMapper.swift in Sources */ = {isa = PBXBuildFile; fileRef = F9D9A4C62B34A90C00CEC90B /* CharacterItemsMapper.swift */; };
		F9D9A4D02B34A93D00CEC90B /* Character.swift in Sources */ = {isa = PBXBuildFile; fileRef = F9D9A4CF2B34A93D00CEC90B /* Character.swift */; };
		F9D9A4D72B34A99800CEC90B /* SharedTestHelpers.swift in Sources */ = {isa = PBXBuildFile; fileRef = F9D9A4D22B34A99800CEC90B /* SharedTestHelpers.swift */; };
		F9D9A4DE2B34A9AF00CEC90B /* XCTestCase+MemoryLeakTracking.swift in Sources */ = {isa = PBXBuildFile; fileRef = F9D9A4DD2B34A9AF00CEC90B /* XCTestCase+MemoryLeakTracking.swift */; };
		F9E894342B4839A100D25AA9 /* CharacterItemsMapperTests.swift in Sources */ = {isa = PBXBuildFile; fileRef = F9E894332B4839A100D25AA9 /* CharacterItemsMapperTests.swift */; };
		F9E894362B4843E200D25AA9 /* CharacterImageDataMapper.swift in Sources */ = {isa = PBXBuildFile; fileRef = F9E894352B4843E200D25AA9 /* CharacterImageDataMapper.swift */; };
		F9E894382B48455C00D25AA9 /* CharacterImageDataMapperTests.swift in Sources */ = {isa = PBXBuildFile; fileRef = F9E894372B48455C00D25AA9 /* CharacterImageDataMapperTests.swift */; };
		F9F1B2722B4DC31000C56FF4 /* CharacterEndpoint.swift in Sources */ = {isa = PBXBuildFile; fileRef = F9F1B2712B4DC31000C56FF4 /* CharacterEndpoint.swift */; };
/* End PBXBuildFile section */

/* Begin PBXContainerItemProxy section */
		F9D9A4A32B34A69900CEC90B /* PBXContainerItemProxy */ = {
			isa = PBXContainerItemProxy;
			containerPortal = F9D9A48A2B34A69700CEC90B /* Project object */;
			proxyType = 1;
			remoteGlobalIDString = F9D9A4912B34A69700CEC90B;
			remoteInfo = RickAndMortyAPI;
		};
		F9D9A4AD2B34A69900CEC90B /* PBXContainerItemProxy */ = {
			isa = PBXContainerItemProxy;
			containerPortal = F9D9A48A2B34A69700CEC90B /* Project object */;
			proxyType = 1;
			remoteGlobalIDString = F9D9A4912B34A69700CEC90B;
			remoteInfo = RickAndMortyAPI;
		};
/* End PBXContainerItemProxy section */

/* Begin PBXFileReference section */
		F9387E3F2B3F032B00106DB6 /* CharactersViewController.swift */ = {isa = PBXFileReference; lastKnownFileType = sourcecode.swift; path = CharactersViewController.swift; sourceTree = "<group>"; };
		F9387E422B3F040600106DB6 /* CharactersPresenter.swift */ = {isa = PBXFileReference; lastKnownFileType = sourcecode.swift; path = CharactersPresenter.swift; sourceTree = "<group>"; };
		F9387E482B3F04D800106DB6 /* CharactersErrorViewModel.swift */ = {isa = PBXFileReference; lastKnownFileType = sourcecode.swift; path = CharactersErrorViewModel.swift; sourceTree = "<group>"; };
		F9387E4A2B3F054B00106DB6 /* CharacterCellController.swift */ = {isa = PBXFileReference; lastKnownFileType = sourcecode.swift; path = CharacterCellController.swift; sourceTree = "<group>"; };
		F9387E4D2B3F05B900106DB6 /* CharacterCell.swift */ = {isa = PBXFileReference; lastKnownFileType = sourcecode.swift; path = CharacterCell.swift; sourceTree = "<group>"; };
		F9387E502B3F077F00106DB6 /* UIView+Shimmering.swift */ = {isa = PBXFileReference; lastKnownFileType = sourcecode.swift; path = "UIView+Shimmering.swift"; sourceTree = "<group>"; };
		F9387E522B3F07A900106DB6 /* UIImageView+Animations.swift */ = {isa = PBXFileReference; lastKnownFileType = sourcecode.swift; path = "UIImageView+Animations.swift"; sourceTree = "<group>"; };
		F9387E542B3F082300106DB6 /* CharacterViewModel.swift */ = {isa = PBXFileReference; lastKnownFileType = sourcecode.swift; path = CharacterViewModel.swift; sourceTree = "<group>"; };
		F9387E562B3F097C00106DB6 /* UITableView+Dequeueing.swift */ = {isa = PBXFileReference; lastKnownFileType = sourcecode.swift; path = "UITableView+Dequeueing.swift"; sourceTree = "<group>"; };
		F9387E582B3F0A2800106DB6 /* ErrorView.swift */ = {isa = PBXFileReference; lastKnownFileType = sourcecode.swift; path = ErrorView.swift; sourceTree = "<group>"; };
		F9387E5A2B3F0A8B00106DB6 /* UITableView+HeaderSizing.swift */ = {isa = PBXFileReference; lastKnownFileType = sourcecode.swift; path = "UITableView+HeaderSizing.swift"; sourceTree = "<group>"; };
		F9387E5C2B3F0B0200106DB6 /* CharacterImagePresenter.swift */ = {isa = PBXFileReference; lastKnownFileType = sourcecode.swift; path = CharacterImagePresenter.swift; sourceTree = "<group>"; };
		F9387E5E2B3F0C2F00106DB6 /* UIRefreshControl+Helpers.swift */ = {isa = PBXFileReference; lastKnownFileType = sourcecode.swift; path = "UIRefreshControl+Helpers.swift"; sourceTree = "<group>"; };
		F9387E612B3F335500106DB6 /* CharactersPresenterTests.swift */ = {isa = PBXFileReference; lastKnownFileType = sourcecode.swift; path = CharactersPresenterTests.swift; sourceTree = "<group>"; };
		F9387E632B3F356100106DB6 /* CharacterImagePresenterTests.swift */ = {isa = PBXFileReference; lastKnownFileType = sourcecode.swift; path = CharacterImagePresenterTests.swift; sourceTree = "<group>"; };
		F9387E662B3F3A1200106DB6 /* CharactersUIIntegrationTests.swift */ = {isa = PBXFileReference; lastKnownFileType = sourcecode.swift; path = CharactersUIIntegrationTests.swift; sourceTree = "<group>"; };
		F9387E6E2B3F3D3600106DB6 /* CharacterImageDataLoader.swift */ = {isa = PBXFileReference; lastKnownFileType = sourcecode.swift; path = CharacterImageDataLoader.swift; sourceTree = "<group>"; };
		F9387E722B3F3E2A00106DB6 /* CharactersViewAdapter.swift */ = {isa = PBXFileReference; lastKnownFileType = sourcecode.swift; path = CharactersViewAdapter.swift; sourceTree = "<group>"; };
		F9387E742B3F3F1100106DB6 /* WeakRefVirtualProxy.swift */ = {isa = PBXFileReference; lastKnownFileType = sourcecode.swift; path = WeakRefVirtualProxy.swift; sourceTree = "<group>"; };
		F9387E762B3F3F8900106DB6 /* CharacterImageLoaderAdapter.swift */ = {isa = PBXFileReference; lastKnownFileType = sourcecode.swift; path = CharacterImageLoaderAdapter.swift; sourceTree = "<group>"; };
		F9387E782B3F5D1100106DB6 /* CharactersViewControllerRepresentable.swift */ = {isa = PBXFileReference; lastKnownFileType = sourcecode.swift; path = CharactersViewControllerRepresentable.swift; sourceTree = "<group>"; };
		F9387E7D2B3F5F5300106DB6 /* HTTPURLResponse+StatusCode.swift */ = {isa = PBXFileReference; lastKnownFileType = sourcecode.swift; path = "HTTPURLResponse+StatusCode.swift"; sourceTree = "<group>"; };
		F95685582B4B60300085C7B5 /* UIView+Container.swift */ = {isa = PBXFileReference; lastKnownFileType = sourcecode.swift; path = "UIView+Container.swift"; sourceTree = "<group>"; };
		F956855A2B4C66B60085C7B5 /* LoadMoreCell.swift */ = {isa = PBXFileReference; lastKnownFileType = sourcecode.swift; path = LoadMoreCell.swift; sourceTree = "<group>"; };
		F956855C2B4C66DD0085C7B5 /* LoadMoreCellController.swift */ = {isa = PBXFileReference; lastKnownFileType = sourcecode.swift; path = LoadMoreCellController.swift; sourceTree = "<group>"; };
		F98D03812B3862FE00DAD0EC /* LocalCharacterLoader.swift */ = {isa = PBXFileReference; lastKnownFileType = sourcecode.swift; path = LocalCharacterLoader.swift; sourceTree = "<group>"; };
		F98D03832B38634200DAD0EC /* CharacterStore.swift */ = {isa = PBXFileReference; lastKnownFileType = sourcecode.swift; path = CharacterStore.swift; sourceTree = "<group>"; };
		F98D03852B38637000DAD0EC /* LocalCharacter.swift */ = {isa = PBXFileReference; lastKnownFileType = sourcecode.swift; path = LocalCharacter.swift; sourceTree = "<group>"; };
		F98D03872B3863C200DAD0EC /* CharacterCache.swift */ = {isa = PBXFileReference; lastKnownFileType = sourcecode.swift; path = CharacterCache.swift; sourceTree = "<group>"; };
		F98D03892B38662600DAD0EC /* CharacterCachePolicy.swift */ = {isa = PBXFileReference; lastKnownFileType = sourcecode.swift; path = CharacterCachePolicy.swift; sourceTree = "<group>"; };
		F98D038C2B38671C00DAD0EC /* CacheCharacterUseCaseTests.swift */ = {isa = PBXFileReference; lastKnownFileType = sourcecode.swift; path = CacheCharacterUseCaseTests.swift; sourceTree = "<group>"; };
		F98D038E2B38676500DAD0EC /* CharacterStoreSpy.swift */ = {isa = PBXFileReference; lastKnownFileType = sourcecode.swift; path = CharacterStoreSpy.swift; sourceTree = "<group>"; };
		F98D03902B38684F00DAD0EC /* CharacterCacheTestHelpers.swift */ = {isa = PBXFileReference; lastKnownFileType = sourcecode.swift; path = CharacterCacheTestHelpers.swift; sourceTree = "<group>"; };
		F98D03922B388E6400DAD0EC /* LoadCharacterFromCacheUseCaseTests.swift */ = {isa = PBXFileReference; lastKnownFileType = sourcecode.swift; path = LoadCharacterFromCacheUseCaseTests.swift; sourceTree = "<group>"; };
		F98D03942B38902D00DAD0EC /* ValidateCharacterCacheUseCaseTests.swift */ = {isa = PBXFileReference; lastKnownFileType = sourcecode.swift; path = ValidateCharacterCacheUseCaseTests.swift; sourceTree = "<group>"; };
		F98D03982B39BECA00DAD0EC /* CoreDataCharacterStore.swift */ = {isa = PBXFileReference; lastKnownFileType = sourcecode.swift; path = CoreDataCharacterStore.swift; sourceTree = "<group>"; };
		F98D039A2B39BF2200DAD0EC /* CoreDataCharacterStore+CharacterStore.swift */ = {isa = PBXFileReference; lastKnownFileType = sourcecode.swift; path = "CoreDataCharacterStore+CharacterStore.swift"; sourceTree = "<group>"; };
		F98D039C2B39C01D00DAD0EC /* CoreDataHelpers.swift */ = {isa = PBXFileReference; lastKnownFileType = sourcecode.swift; path = CoreDataHelpers.swift; sourceTree = "<group>"; };
		F98D039E2B39C03A00DAD0EC /* ManagedCache.swift */ = {isa = PBXFileReference; lastKnownFileType = sourcecode.swift; path = ManagedCache.swift; sourceTree = "<group>"; };
		F98D03A02B39C09B00DAD0EC /* ManagedCharacter.swift */ = {isa = PBXFileReference; lastKnownFileType = sourcecode.swift; path = ManagedCharacter.swift; sourceTree = "<group>"; };
		F98D03A32B39C40700DAD0EC /* CharacterStore.xcdatamodel */ = {isa = PBXFileReference; lastKnownFileType = wrapper.xcdatamodel; path = CharacterStore.xcdatamodel; sourceTree = "<group>"; };
		F98D03A72B3A1C0C00DAD0EC /* CharacterStoreSpecs.swift */ = {isa = PBXFileReference; lastKnownFileType = sourcecode.swift; path = CharacterStoreSpecs.swift; sourceTree = "<group>"; };
		F98D03A92B3A1C7700DAD0EC /* XCTestCase+CharacterStoreSpecs.swift */ = {isa = PBXFileReference; lastKnownFileType = sourcecode.swift; path = "XCTestCase+CharacterStoreSpecs.swift"; sourceTree = "<group>"; };
		F98D03AB2B3A1E6A00DAD0EC /* XCTestCase+FailableRetrieveCharacterStoreSpecs.swift */ = {isa = PBXFileReference; lastKnownFileType = sourcecode.swift; path = "XCTestCase+FailableRetrieveCharacterStoreSpecs.swift"; sourceTree = "<group>"; };
		F98D03AD2B3A1EBD00DAD0EC /* XCTestCase+FailableInsertCharacterStoreSpecs.swift */ = {isa = PBXFileReference; lastKnownFileType = sourcecode.swift; path = "XCTestCase+FailableInsertCharacterStoreSpecs.swift"; sourceTree = "<group>"; };
		F98D03AF2B3A1F1B00DAD0EC /* XCTestCase+FailableDeleteCharacterStoreSpecs.swift */ = {isa = PBXFileReference; lastKnownFileType = sourcecode.swift; path = "XCTestCase+FailableDeleteCharacterStoreSpecs.swift"; sourceTree = "<group>"; };
		F98D03B12B3A1F6700DAD0EC /* CoreDataCharacterStoreTests.swift */ = {isa = PBXFileReference; lastKnownFileType = sourcecode.swift; path = CoreDataCharacterStoreTests.swift; sourceTree = "<group>"; };
		F9A9C7CC2B4732FB00ABEED9 /* CombineHelpers.swift */ = {isa = PBXFileReference; lastKnownFileType = sourcecode.swift; path = CombineHelpers.swift; sourceTree = "<group>"; };
		F9A9C7CE2B4734E900ABEED9 /* CharactersUIComposer.swift */ = {isa = PBXFileReference; lastKnownFileType = sourcecode.swift; path = CharactersUIComposer.swift; sourceTree = "<group>"; };
		F9AC19D32B4026BB0057C441 /* CoreDataCharacterStore+CharacterImageDataStore.swift */ = {isa = PBXFileReference; lastKnownFileType = sourcecode.swift; path = "CoreDataCharacterStore+CharacterImageDataStore.swift"; sourceTree = "<group>"; };
		F9AC19D52B40274F0057C441 /* CharacterImageDataStore.swift */ = {isa = PBXFileReference; lastKnownFileType = sourcecode.swift; path = CharacterImageDataStore.swift; sourceTree = "<group>"; };
		F9AC19D72B4028ED0057C441 /* LoadCharacterImageDataFromCacheUseCaseTests.swift */ = {isa = PBXFileReference; lastKnownFileType = sourcecode.swift; path = LoadCharacterImageDataFromCacheUseCaseTests.swift; sourceTree = "<group>"; };
		F9AC19D92B4029F30057C441 /* LocalCharacterImageDataLoader.swift */ = {isa = PBXFileReference; lastKnownFileType = sourcecode.swift; path = LocalCharacterImageDataLoader.swift; sourceTree = "<group>"; };
		F9AC19DB2B402AA30057C441 /* CharacterImageDataCache.swift */ = {isa = PBXFileReference; lastKnownFileType = sourcecode.swift; path = CharacterImageDataCache.swift; sourceTree = "<group>"; };
		F9AC19DD2B402AF40057C441 /* CharacterImageDataStoreSpy.swift */ = {isa = PBXFileReference; lastKnownFileType = sourcecode.swift; path = CharacterImageDataStoreSpy.swift; sourceTree = "<group>"; };
		F9B7A41C2B4EC04A00D8C202 /* CacheCharacterImageDataUseCaseTests.swift */ = {isa = PBXFileReference; lastKnownFileType = sourcecode.swift; path = CacheCharacterImageDataUseCaseTests.swift; sourceTree = "<group>"; };
		F9B7A41E2B4EC12100D8C202 /* CoreDataCharacterImageDataStoreTests.swift */ = {isa = PBXFileReference; lastKnownFileType = sourcecode.swift; path = CoreDataCharacterImageDataStoreTests.swift; sourceTree = "<group>"; };
		F9D9A4922B34A69700CEC90B /* RickAndMortyAPI.app */ = {isa = PBXFileReference; explicitFileType = wrapper.application; includeInIndex = 0; path = RickAndMortyAPI.app; sourceTree = BUILT_PRODUCTS_DIR; };
		F9D9A4952B34A69700CEC90B /* RickAndMortyAPIApp.swift */ = {isa = PBXFileReference; lastKnownFileType = sourcecode.swift; path = RickAndMortyAPIApp.swift; sourceTree = "<group>"; };
		F9D9A4972B34A69700CEC90B /* ContentView.swift */ = {isa = PBXFileReference; lastKnownFileType = sourcecode.swift; path = ContentView.swift; sourceTree = "<group>"; };
		F9D9A4992B34A69800CEC90B /* Assets.xcassets */ = {isa = PBXFileReference; lastKnownFileType = folder.assetcatalog; path = Assets.xcassets; sourceTree = "<group>"; };
		F9D9A49C2B34A69800CEC90B /* Preview Assets.xcassets */ = {isa = PBXFileReference; lastKnownFileType = folder.assetcatalog; path = "Preview Assets.xcassets"; sourceTree = "<group>"; };
		F9D9A4A22B34A69900CEC90B /* RickAndMortyAPITests.xctest */ = {isa = PBXFileReference; explicitFileType = wrapper.cfbundle; includeInIndex = 0; path = RickAndMortyAPITests.xctest; sourceTree = BUILT_PRODUCTS_DIR; };
		F9D9A4AC2B34A69900CEC90B /* RickAndMortyAPIUITests.xctest */ = {isa = PBXFileReference; explicitFileType = wrapper.cfbundle; includeInIndex = 0; path = RickAndMortyAPIUITests.xctest; sourceTree = BUILT_PRODUCTS_DIR; };
		F9D9A4B02B34A69900CEC90B /* RickAndMortyAPIUITests.swift */ = {isa = PBXFileReference; lastKnownFileType = sourcecode.swift; path = RickAndMortyAPIUITests.swift; sourceTree = "<group>"; };
		F9D9A4B22B34A69900CEC90B /* RickAndMortyAPIUITestsLaunchTests.swift */ = {isa = PBXFileReference; lastKnownFileType = sourcecode.swift; path = RickAndMortyAPIUITestsLaunchTests.swift; sourceTree = "<group>"; };
		F9D9A4C62B34A90C00CEC90B /* CharacterItemsMapper.swift */ = {isa = PBXFileReference; fileEncoding = 4; lastKnownFileType = sourcecode.swift; path = CharacterItemsMapper.swift; sourceTree = "<group>"; };
		F9D9A4CF2B34A93D00CEC90B /* Character.swift */ = {isa = PBXFileReference; fileEncoding = 4; lastKnownFileType = sourcecode.swift; path = Character.swift; sourceTree = "<group>"; };
		F9D9A4D22B34A99800CEC90B /* SharedTestHelpers.swift */ = {isa = PBXFileReference; fileEncoding = 4; lastKnownFileType = sourcecode.swift; path = SharedTestHelpers.swift; sourceTree = "<group>"; };
		F9D9A4DD2B34A9AF00CEC90B /* XCTestCase+MemoryLeakTracking.swift */ = {isa = PBXFileReference; fileEncoding = 4; lastKnownFileType = sourcecode.swift; path = "XCTestCase+MemoryLeakTracking.swift"; sourceTree = "<group>"; };
		F9D9A4DF2B34AA2D00CEC90B /* RickAndMortyAPI.xctestplan */ = {isa = PBXFileReference; lastKnownFileType = text; path = RickAndMortyAPI.xctestplan; sourceTree = "<group>"; };
		F9E894332B4839A100D25AA9 /* CharacterItemsMapperTests.swift */ = {isa = PBXFileReference; lastKnownFileType = sourcecode.swift; path = CharacterItemsMapperTests.swift; sourceTree = "<group>"; };
		F9E894352B4843E200D25AA9 /* CharacterImageDataMapper.swift */ = {isa = PBXFileReference; lastKnownFileType = sourcecode.swift; path = CharacterImageDataMapper.swift; sourceTree = "<group>"; };
		F9E894372B48455C00D25AA9 /* CharacterImageDataMapperTests.swift */ = {isa = PBXFileReference; lastKnownFileType = sourcecode.swift; path = CharacterImageDataMapperTests.swift; sourceTree = "<group>"; };
		F9F1B2712B4DC31000C56FF4 /* CharacterEndpoint.swift */ = {isa = PBXFileReference; lastKnownFileType = sourcecode.swift; path = CharacterEndpoint.swift; sourceTree = "<group>"; };
/* End PBXFileReference section */

/* Begin PBXFrameworksBuildPhase section */
		F9D9A48F2B34A69700CEC90B /* Frameworks */ = {
			isa = PBXFrameworksBuildPhase;
			buildActionMask = 2147483647;
			files = (
			);
			runOnlyForDeploymentPostprocessing = 0;
		};
		F9D9A49F2B34A69900CEC90B /* Frameworks */ = {
			isa = PBXFrameworksBuildPhase;
			buildActionMask = 2147483647;
			files = (
			);
			runOnlyForDeploymentPostprocessing = 0;
		};
		F9D9A4A92B34A69900CEC90B /* Frameworks */ = {
			isa = PBXFrameworksBuildPhase;
			buildActionMask = 2147483647;
			files = (
			);
			runOnlyForDeploymentPostprocessing = 0;
		};
/* End PBXFrameworksBuildPhase section */

/* Begin PBXGroup section */
		F9387E3C2B3F02FE00106DB6 /* UI */ = {
			isa = PBXGroup;
			children = (
				F9387E3D2B3F030500106DB6 /* UIKit */,
			);
			path = UI;
			sourceTree = "<group>";
		};
		F9387E3D2B3F030500106DB6 /* UIKit */ = {
			isa = PBXGroup;
			children = (
				F9387E4C2B3F059B00106DB6 /* Views */,
				F9387E3E2B3F030D00106DB6 /* Controllers */,
			);
			path = UIKit;
			sourceTree = "<group>";
		};
		F9387E3E2B3F030D00106DB6 /* Controllers */ = {
			isa = PBXGroup;
			children = (
				F9387E3F2B3F032B00106DB6 /* CharactersViewController.swift */,
				F9387E4A2B3F054B00106DB6 /* CharacterCellController.swift */,
				F956855C2B4C66DD0085C7B5 /* LoadMoreCellController.swift */,
			);
			path = Controllers;
			sourceTree = "<group>";
		};
		F9387E412B3F03DC00106DB6 /* Presentation */ = {
			isa = PBXGroup;
			children = (
				F9387E422B3F040600106DB6 /* CharactersPresenter.swift */,
				F9387E482B3F04D800106DB6 /* CharactersErrorViewModel.swift */,
				F9387E542B3F082300106DB6 /* CharacterViewModel.swift */,
				F9387E5C2B3F0B0200106DB6 /* CharacterImagePresenter.swift */,
			);
			path = Presentation;
			sourceTree = "<group>";
		};
		F9387E4C2B3F059B00106DB6 /* Views */ = {
			isa = PBXGroup;
			children = (
				F9387E4F2B3F076C00106DB6 /* Helpers */,
				F9387E4D2B3F05B900106DB6 /* CharacterCell.swift */,
				F9387E582B3F0A2800106DB6 /* ErrorView.swift */,
				F956855A2B4C66B60085C7B5 /* LoadMoreCell.swift */,
			);
			path = Views;
			sourceTree = "<group>";
		};
		F9387E4F2B3F076C00106DB6 /* Helpers */ = {
			isa = PBXGroup;
			children = (
				F9387E502B3F077F00106DB6 /* UIView+Shimmering.swift */,
				F9387E522B3F07A900106DB6 /* UIImageView+Animations.swift */,
				F9387E562B3F097C00106DB6 /* UITableView+Dequeueing.swift */,
				F9387E5A2B3F0A8B00106DB6 /* UITableView+HeaderSizing.swift */,
				F9387E5E2B3F0C2F00106DB6 /* UIRefreshControl+Helpers.swift */,
				F95685582B4B60300085C7B5 /* UIView+Container.swift */,
			);
			path = Helpers;
			sourceTree = "<group>";
		};
		F9387E602B3F333B00106DB6 /* Presentation */ = {
			isa = PBXGroup;
			children = (
				F9387E612B3F335500106DB6 /* CharactersPresenterTests.swift */,
				F9387E632B3F356100106DB6 /* CharacterImagePresenterTests.swift */,
			);
			path = Presentation;
			sourceTree = "<group>";
		};
		F9387E652B3F3A0600106DB6 /* UI */ = {
			isa = PBXGroup;
			children = (
				F9387E682B3F3A5D00106DB6 /* Helpers */,
				F9387E662B3F3A1200106DB6 /* CharactersUIIntegrationTests.swift */,
			);
			path = UI;
			sourceTree = "<group>";
		};
		F9387E682B3F3A5D00106DB6 /* Helpers */ = {
			isa = PBXGroup;
			children = (
			);
			path = Helpers;
			sourceTree = "<group>";
		};
		F9387E692B3F3AA800106DB6 /* Composition */ = {
			isa = PBXGroup;
			children = (
				F9AC19E72B4031570057C441 /* Adapters */,
				F9A9C7CE2B4734E900ABEED9 /* CharactersUIComposer.swift */,
				F9387E742B3F3F1100106DB6 /* WeakRefVirtualProxy.swift */,
				F9387E782B3F5D1100106DB6 /* CharactersViewControllerRepresentable.swift */,
				F9A9C7CC2B4732FB00ABEED9 /* CombineHelpers.swift */,
			);
			path = Composition;
			sourceTree = "<group>";
		};
		F9387E7C2B3F5F4B00106DB6 /* Helpers */ = {
			isa = PBXGroup;
			children = (
				F9387E7D2B3F5F5300106DB6 /* HTTPURLResponse+StatusCode.swift */,
			);
			path = Helpers;
			sourceTree = "<group>";
		};
		F98D03802B3862BF00DAD0EC /* Cache */ = {
			isa = PBXGroup;
			children = (
				F98D03812B3862FE00DAD0EC /* LocalCharacterLoader.swift */,
				F98D03832B38634200DAD0EC /* CharacterStore.swift */,
				F9AC19D52B40274F0057C441 /* CharacterImageDataStore.swift */,
				F98D03852B38637000DAD0EC /* LocalCharacter.swift */,
				F98D03872B3863C200DAD0EC /* CharacterCache.swift */,
				F98D03892B38662600DAD0EC /* CharacterCachePolicy.swift */,
				F9AC19D92B4029F30057C441 /* LocalCharacterImageDataLoader.swift */,
			);
			path = Cache;
			sourceTree = "<group>";
		};
		F98D038B2B3866EF00DAD0EC /* Cache */ = {
			isa = PBXGroup;
			children = (
				F9B7A41B2B4EC00A00D8C202 /* Helpers */,
				F98D038C2B38671C00DAD0EC /* CacheCharacterUseCaseTests.swift */,
				F98D03922B388E6400DAD0EC /* LoadCharacterFromCacheUseCaseTests.swift */,
				F98D03942B38902D00DAD0EC /* ValidateCharacterCacheUseCaseTests.swift */,
				F9AC19D72B4028ED0057C441 /* LoadCharacterImageDataFromCacheUseCaseTests.swift */,
				F9B7A41C2B4EC04A00D8C202 /* CacheCharacterImageDataUseCaseTests.swift */,
			);
			path = Cache;
			sourceTree = "<group>";
		};
		F98D03962B39BE1500DAD0EC /* Infrastructure */ = {
			isa = PBXGroup;
			children = (
				F98D03972B39BE5D00DAD0EC /* CoreData */,
			);
			path = Infrastructure;
			sourceTree = "<group>";
		};
		F98D03972B39BE5D00DAD0EC /* CoreData */ = {
			isa = PBXGroup;
			children = (
				F98D03982B39BECA00DAD0EC /* CoreDataCharacterStore.swift */,
				F98D039A2B39BF2200DAD0EC /* CoreDataCharacterStore+CharacterStore.swift */,
				F9AC19D32B4026BB0057C441 /* CoreDataCharacterStore+CharacterImageDataStore.swift */,
				F98D039C2B39C01D00DAD0EC /* CoreDataHelpers.swift */,
				F98D039E2B39C03A00DAD0EC /* ManagedCache.swift */,
				F98D03A02B39C09B00DAD0EC /* ManagedCharacter.swift */,
				F98D03A22B39C40700DAD0EC /* CharacterStore.xcdatamodeld */,
			);
			path = CoreData;
			sourceTree = "<group>";
		};
		F98D03A52B3A0E3200DAD0EC /* Infrastructure */ = {
			isa = PBXGroup;
			children = (
				F98D03A62B3A1BDA00DAD0EC /* CharacterStoreSpecs */,
				F98D03B12B3A1F6700DAD0EC /* CoreDataCharacterStoreTests.swift */,
				F9B7A41E2B4EC12100D8C202 /* CoreDataCharacterImageDataStoreTests.swift */,
			);
			path = Infrastructure;
			sourceTree = "<group>";
		};
		F98D03A62B3A1BDA00DAD0EC /* CharacterStoreSpecs */ = {
			isa = PBXGroup;
			children = (
				F98D03A72B3A1C0C00DAD0EC /* CharacterStoreSpecs.swift */,
				F98D03A92B3A1C7700DAD0EC /* XCTestCase+CharacterStoreSpecs.swift */,
				F98D03AB2B3A1E6A00DAD0EC /* XCTestCase+FailableRetrieveCharacterStoreSpecs.swift */,
				F98D03AD2B3A1EBD00DAD0EC /* XCTestCase+FailableInsertCharacterStoreSpecs.swift */,
				F98D03AF2B3A1F1B00DAD0EC /* XCTestCase+FailableDeleteCharacterStoreSpecs.swift */,
			);
			path = CharacterStoreSpecs;
			sourceTree = "<group>";
		};
		F9AC19E72B4031570057C441 /* Adapters */ = {
			isa = PBXGroup;
			children = (
				F9387E762B3F3F8900106DB6 /* CharacterImageLoaderAdapter.swift */,
				F9387E722B3F3E2A00106DB6 /* CharactersViewAdapter.swift */,
			);
			path = Adapters;
			sourceTree = "<group>";
		};
		F9B7A41B2B4EC00A00D8C202 /* Helpers */ = {
			isa = PBXGroup;
			children = (
				F98D03902B38684F00DAD0EC /* CharacterCacheTestHelpers.swift */,
				F98D038E2B38676500DAD0EC /* CharacterStoreSpy.swift */,
				F9AC19DD2B402AF40057C441 /* CharacterImageDataStoreSpy.swift */,
			);
			path = Helpers;
			sourceTree = "<group>";
		};
		F9D9A4892B34A69700CEC90B = {
			isa = PBXGroup;
			children = (
				F9D9A4DF2B34AA2D00CEC90B /* RickAndMortyAPI.xctestplan */,
				F9D9A4942B34A69700CEC90B /* RickAndMortyAPI */,
				F9D9A4A52B34A69900CEC90B /* RickAndMortyAPITests */,
				F9D9A4AF2B34A69900CEC90B /* RickAndMortyAPIUITests */,
				F9D9A4932B34A69700CEC90B /* Products */,
			);
			sourceTree = "<group>";
		};
		F9D9A4932B34A69700CEC90B /* Products */ = {
			isa = PBXGroup;
			children = (
				F9D9A4922B34A69700CEC90B /* RickAndMortyAPI.app */,
				F9D9A4A22B34A69900CEC90B /* RickAndMortyAPITests.xctest */,
				F9D9A4AC2B34A69900CEC90B /* RickAndMortyAPIUITests.xctest */,
			);
			name = Products;
			sourceTree = "<group>";
		};
		F9D9A4942B34A69700CEC90B /* RickAndMortyAPI */ = {
			isa = PBXGroup;
			children = (
				F9D9A4BF2B34A87300CEC90B /* List */,
				F9D9A4952B34A69700CEC90B /* RickAndMortyAPIApp.swift */,
				F9D9A4972B34A69700CEC90B /* ContentView.swift */,
				F9D9A4992B34A69800CEC90B /* Assets.xcassets */,
				F9D9A49B2B34A69800CEC90B /* Preview Content */,
			);
			path = RickAndMortyAPI;
			sourceTree = "<group>";
		};
		F9D9A49B2B34A69800CEC90B /* Preview Content */ = {
			isa = PBXGroup;
			children = (
				F9D9A49C2B34A69800CEC90B /* Preview Assets.xcassets */,
			);
			path = "Preview Content";
			sourceTree = "<group>";
		};
		F9D9A4A52B34A69900CEC90B /* RickAndMortyAPITests */ = {
			isa = PBXGroup;
			children = (
				F9387E652B3F3A0600106DB6 /* UI */,
				F9387E602B3F333B00106DB6 /* Presentation */,
				F98D03A52B3A0E3200DAD0EC /* Infrastructure */,
				F98D038B2B3866EF00DAD0EC /* Cache */,
				F9D9A4DC2B34A99C00CEC90B /* Helpers */,
				F9D9A4D12B34A96200CEC90B /* API */,
			);
			path = RickAndMortyAPITests;
			sourceTree = "<group>";
		};
		F9D9A4AF2B34A69900CEC90B /* RickAndMortyAPIUITests */ = {
			isa = PBXGroup;
			children = (
				F9D9A4B02B34A69900CEC90B /* RickAndMortyAPIUITests.swift */,
				F9D9A4B22B34A69900CEC90B /* RickAndMortyAPIUITestsLaunchTests.swift */,
			);
			path = RickAndMortyAPIUITests;
			sourceTree = "<group>";
		};
		F9D9A4BF2B34A87300CEC90B /* List */ = {
			isa = PBXGroup;
			children = (
				F9387E692B3F3AA800106DB6 /* Composition */,
				F9387E412B3F03DC00106DB6 /* Presentation */,
				F9387E3C2B3F02FE00106DB6 /* UI */,
				F98D03962B39BE1500DAD0EC /* Infrastructure */,
				F98D03802B3862BF00DAD0EC /* Cache */,
				F9D9A4C22B34A8B900CEC90B /* Domain */,
				F9D9A4C02B34A89B00CEC90B /* API */,
			);
			path = List;
			sourceTree = "<group>";
		};
		F9D9A4C02B34A89B00CEC90B /* API */ = {
			isa = PBXGroup;
			children = (
				F9387E7C2B3F5F4B00106DB6 /* Helpers */,
				F9D9A4C62B34A90C00CEC90B /* CharacterItemsMapper.swift */,
				F9F1B2712B4DC31000C56FF4 /* CharacterEndpoint.swift */,
				F9E894352B4843E200D25AA9 /* CharacterImageDataMapper.swift */,
			);
			path = API;
			sourceTree = "<group>";
		};
		F9D9A4C22B34A8B900CEC90B /* Domain */ = {
			isa = PBXGroup;
			children = (
				F9D9A4CF2B34A93D00CEC90B /* Character.swift */,
				F9387E6E2B3F3D3600106DB6 /* CharacterImageDataLoader.swift */,
				F9AC19DB2B402AA30057C441 /* CharacterImageDataCache.swift */,
			);
			path = Domain;
			sourceTree = "<group>";
		};
		F9D9A4D12B34A96200CEC90B /* API */ = {
			isa = PBXGroup;
			children = (
				F9D9A4D22B34A99800CEC90B /* SharedTestHelpers.swift */,
				F9E894332B4839A100D25AA9 /* CharacterItemsMapperTests.swift */,
				F9E894372B48455C00D25AA9 /* CharacterImageDataMapperTests.swift */,
			);
			path = API;
			sourceTree = "<group>";
		};
		F9D9A4DC2B34A99C00CEC90B /* Helpers */ = {
			isa = PBXGroup;
			children = (
				F9D9A4DD2B34A9AF00CEC90B /* XCTestCase+MemoryLeakTracking.swift */,
			);
			path = Helpers;
			sourceTree = "<group>";
		};
/* End PBXGroup section */

/* Begin PBXNativeTarget section */
		F9D9A4912B34A69700CEC90B /* RickAndMortyAPI */ = {
			isa = PBXNativeTarget;
			buildConfigurationList = F9D9A4B62B34A69900CEC90B /* Build configuration list for PBXNativeTarget "RickAndMortyAPI" */;
			buildPhases = (
				F9D9A48E2B34A69700CEC90B /* Sources */,
				F9D9A48F2B34A69700CEC90B /* Frameworks */,
				F9D9A4902B34A69700CEC90B /* Resources */,
			);
			buildRules = (
			);
			dependencies = (
			);
			name = RickAndMortyAPI;
			productName = RickAndMortyAPI;
			productReference = F9D9A4922B34A69700CEC90B /* RickAndMortyAPI.app */;
			productType = "com.apple.product-type.application";
		};
		F9D9A4A12B34A69900CEC90B /* RickAndMortyAPITests */ = {
			isa = PBXNativeTarget;
			buildConfigurationList = F9D9A4B92B34A69900CEC90B /* Build configuration list for PBXNativeTarget "RickAndMortyAPITests" */;
			buildPhases = (
				F9D9A49E2B34A69900CEC90B /* Sources */,
				F9D9A49F2B34A69900CEC90B /* Frameworks */,
				F9D9A4A02B34A69900CEC90B /* Resources */,
			);
			buildRules = (
			);
			dependencies = (
				F9D9A4A42B34A69900CEC90B /* PBXTargetDependency */,
			);
			name = RickAndMortyAPITests;
			productName = RickAndMortyAPITests;
			productReference = F9D9A4A22B34A69900CEC90B /* RickAndMortyAPITests.xctest */;
			productType = "com.apple.product-type.bundle.unit-test";
		};
		F9D9A4AB2B34A69900CEC90B /* RickAndMortyAPIUITests */ = {
			isa = PBXNativeTarget;
			buildConfigurationList = F9D9A4BC2B34A69900CEC90B /* Build configuration list for PBXNativeTarget "RickAndMortyAPIUITests" */;
			buildPhases = (
				F9D9A4A82B34A69900CEC90B /* Sources */,
				F9D9A4A92B34A69900CEC90B /* Frameworks */,
				F9D9A4AA2B34A69900CEC90B /* Resources */,
			);
			buildRules = (
			);
			dependencies = (
				F9D9A4AE2B34A69900CEC90B /* PBXTargetDependency */,
			);
			name = RickAndMortyAPIUITests;
			productName = RickAndMortyAPIUITests;
			productReference = F9D9A4AC2B34A69900CEC90B /* RickAndMortyAPIUITests.xctest */;
			productType = "com.apple.product-type.bundle.ui-testing";
		};
/* End PBXNativeTarget section */

/* Begin PBXProject section */
		F9D9A48A2B34A69700CEC90B /* Project object */ = {
			isa = PBXProject;
			attributes = {
				BuildIndependentTargetsInParallel = 1;
				LastSwiftUpdateCheck = 1500;
				LastUpgradeCheck = 1500;
				TargetAttributes = {
					F9D9A4912B34A69700CEC90B = {
						CreatedOnToolsVersion = 15.0.1;
					};
					F9D9A4A12B34A69900CEC90B = {
						CreatedOnToolsVersion = 15.0.1;
						TestTargetID = F9D9A4912B34A69700CEC90B;
					};
					F9D9A4AB2B34A69900CEC90B = {
						CreatedOnToolsVersion = 15.0.1;
						TestTargetID = F9D9A4912B34A69700CEC90B;
					};
				};
			};
			buildConfigurationList = F9D9A48D2B34A69700CEC90B /* Build configuration list for PBXProject "RickAndMortyAPI" */;
			compatibilityVersion = "Xcode 14.0";
			developmentRegion = en;
			hasScannedForEncodings = 0;
			knownRegions = (
				en,
				Base,
			);
			mainGroup = F9D9A4892B34A69700CEC90B;
			productRefGroup = F9D9A4932B34A69700CEC90B /* Products */;
			projectDirPath = "";
			projectRoot = "";
			targets = (
				F9D9A4912B34A69700CEC90B /* RickAndMortyAPI */,
				F9D9A4A12B34A69900CEC90B /* RickAndMortyAPITests */,
				F9D9A4AB2B34A69900CEC90B /* RickAndMortyAPIUITests */,
			);
		};
/* End PBXProject section */

/* Begin PBXResourcesBuildPhase section */
		F9D9A4902B34A69700CEC90B /* Resources */ = {
			isa = PBXResourcesBuildPhase;
			buildActionMask = 2147483647;
			files = (
				F9D9A49D2B34A69800CEC90B /* Preview Assets.xcassets in Resources */,
				F9D9A49A2B34A69800CEC90B /* Assets.xcassets in Resources */,
			);
			runOnlyForDeploymentPostprocessing = 0;
		};
		F9D9A4A02B34A69900CEC90B /* Resources */ = {
			isa = PBXResourcesBuildPhase;
			buildActionMask = 2147483647;
			files = (
			);
			runOnlyForDeploymentPostprocessing = 0;
		};
		F9D9A4AA2B34A69900CEC90B /* Resources */ = {
			isa = PBXResourcesBuildPhase;
			buildActionMask = 2147483647;
			files = (
			);
			runOnlyForDeploymentPostprocessing = 0;
		};
/* End PBXResourcesBuildPhase section */

/* Begin PBXSourcesBuildPhase section */
		F9D9A48E2B34A69700CEC90B /* Sources */ = {
			isa = PBXSourcesBuildPhase;
			buildActionMask = 2147483647;
			files = (
				F98D03822B3862FE00DAD0EC /* LocalCharacterLoader.swift in Sources */,
				F9387E752B3F3F1100106DB6 /* WeakRefVirtualProxy.swift in Sources */,
				F9D9A4D02B34A93D00CEC90B /* Character.swift in Sources */,
				F9D9A4982B34A69700CEC90B /* ContentView.swift in Sources */,
				F98D03992B39BECA00DAD0EC /* CoreDataCharacterStore.swift in Sources */,
				F9387E7E2B3F5F5300106DB6 /* HTTPURLResponse+StatusCode.swift in Sources */,
				F9387E4B2B3F054B00106DB6 /* CharacterCellController.swift in Sources */,
				F9AC19DA2B4029F30057C441 /* LocalCharacterImageDataLoader.swift in Sources */,
				F9387E5B2B3F0A8B00106DB6 /* UITableView+HeaderSizing.swift in Sources */,
				F9E894362B4843E200D25AA9 /* CharacterImageDataMapper.swift in Sources */,
				F98D03882B3863C200DAD0EC /* CharacterCache.swift in Sources */,
				F9D9A4CB2B34A90C00CEC90B /* CharacterItemsMapper.swift in Sources */,
				F98D03A12B39C09B00DAD0EC /* ManagedCharacter.swift in Sources */,
				F98D039F2B39C03A00DAD0EC /* ManagedCache.swift in Sources */,
				F9387E572B3F097C00106DB6 /* UITableView+Dequeueing.swift in Sources */,
				F9AC19DC2B402AA30057C441 /* CharacterImageDataCache.swift in Sources */,
				F9387E772B3F3F8900106DB6 /* CharacterImageLoaderAdapter.swift in Sources */,
				F9387E4E2B3F05B900106DB6 /* CharacterCell.swift in Sources */,
				F95685592B4B60300085C7B5 /* UIView+Container.swift in Sources */,
				F9387E732B3F3E2A00106DB6 /* CharactersViewAdapter.swift in Sources */,
				F98D039D2B39C01D00DAD0EC /* CoreDataHelpers.swift in Sources */,
				F9387E592B3F0A2800106DB6 /* ErrorView.swift in Sources */,
				F9387E492B3F04D800106DB6 /* CharactersErrorViewModel.swift in Sources */,
				F9387E6F2B3F3D3600106DB6 /* CharacterImageDataLoader.swift in Sources */,
				F9A9C7CF2B4734E900ABEED9 /* CharactersUIComposer.swift in Sources */,
				F9387E552B3F082300106DB6 /* CharacterViewModel.swift in Sources */,
				F98D039B2B39BF2200DAD0EC /* CoreDataCharacterStore+CharacterStore.swift in Sources */,
				F9387E512B3F077F00106DB6 /* UIView+Shimmering.swift in Sources */,
				F9387E5D2B3F0B0200106DB6 /* CharacterImagePresenter.swift in Sources */,
				F98D03842B38634200DAD0EC /* CharacterStore.swift in Sources */,
				F98D03A42B39C40700DAD0EC /* CharacterStore.xcdatamodeld in Sources */,
				F9387E402B3F032B00106DB6 /* CharactersViewController.swift in Sources */,
				F956855B2B4C66B60085C7B5 /* LoadMoreCell.swift in Sources */,
				F9387E792B3F5D1100106DB6 /* CharactersViewControllerRepresentable.swift in Sources */,
				F98D03862B38637000DAD0EC /* LocalCharacter.swift in Sources */,
				F9387E432B3F040600106DB6 /* CharactersPresenter.swift in Sources */,
				F9D9A4962B34A69700CEC90B /* RickAndMortyAPIApp.swift in Sources */,
				F9F1B2722B4DC31000C56FF4 /* CharacterEndpoint.swift in Sources */,
				F9A9C7CD2B4732FB00ABEED9 /* CombineHelpers.swift in Sources */,
				F956855D2B4C66DD0085C7B5 /* LoadMoreCellController.swift in Sources */,
				F9AC19D42B4026BB0057C441 /* CoreDataCharacterStore+CharacterImageDataStore.swift in Sources */,
				F9387E5F2B3F0C2F00106DB6 /* UIRefreshControl+Helpers.swift in Sources */,
				F98D038A2B38662600DAD0EC /* CharacterCachePolicy.swift in Sources */,
				F9AC19D62B40274F0057C441 /* CharacterImageDataStore.swift in Sources */,
				F9387E532B3F07A900106DB6 /* UIImageView+Animations.swift in Sources */,
			);
			runOnlyForDeploymentPostprocessing = 0;
		};
		F9D9A49E2B34A69900CEC90B /* Sources */ = {
			isa = PBXSourcesBuildPhase;
			buildActionMask = 2147483647;
			files = (
				F98D038F2B38676500DAD0EC /* CharacterStoreSpy.swift in Sources */,
				F9E894342B4839A100D25AA9 /* CharacterItemsMapperTests.swift in Sources */,
				F98D03932B388E6400DAD0EC /* LoadCharacterFromCacheUseCaseTests.swift in Sources */,
				F9D9A4D72B34A99800CEC90B /* SharedTestHelpers.swift in Sources */,
				F98D03AA2B3A1C7700DAD0EC /* XCTestCase+CharacterStoreSpecs.swift in Sources */,
				F9D9A4DE2B34A9AF00CEC90B /* XCTestCase+MemoryLeakTracking.swift in Sources */,
				F98D03AC2B3A1E6A00DAD0EC /* XCTestCase+FailableRetrieveCharacterStoreSpecs.swift in Sources */,
				F98D03952B38902D00DAD0EC /* ValidateCharacterCacheUseCaseTests.swift in Sources */,
				F9B7A41F2B4EC12100D8C202 /* CoreDataCharacterImageDataStoreTests.swift in Sources */,
				F9387E672B3F3A1200106DB6 /* CharactersUIIntegrationTests.swift in Sources */,
				F98D03B02B3A1F1B00DAD0EC /* XCTestCase+FailableDeleteCharacterStoreSpecs.swift in Sources */,
				F98D03AE2B3A1EBD00DAD0EC /* XCTestCase+FailableInsertCharacterStoreSpecs.swift in Sources */,
				F9387E622B3F335500106DB6 /* CharactersPresenterTests.swift in Sources */,
				F9AC19DE2B402AF40057C441 /* CharacterImageDataStoreSpy.swift in Sources */,
				F98D03B22B3A1F6700DAD0EC /* CoreDataCharacterStoreTests.swift in Sources */,
				F9B7A41D2B4EC04A00D8C202 /* CacheCharacterImageDataUseCaseTests.swift in Sources */,
				F9E894382B48455C00D25AA9 /* CharacterImageDataMapperTests.swift in Sources */,
				F9AC19D82B4028ED0057C441 /* LoadCharacterImageDataFromCacheUseCaseTests.swift in Sources */,
				F98D03A82B3A1C0C00DAD0EC /* CharacterStoreSpecs.swift in Sources */,
				F9387E642B3F356100106DB6 /* CharacterImagePresenterTests.swift in Sources */,
				F98D038D2B38671C00DAD0EC /* CacheCharacterUseCaseTests.swift in Sources */,
				F98D03912B38684F00DAD0EC /* CharacterCacheTestHelpers.swift in Sources */,
			);
			runOnlyForDeploymentPostprocessing = 0;
		};
		F9D9A4A82B34A69900CEC90B /* Sources */ = {
			isa = PBXSourcesBuildPhase;
			buildActionMask = 2147483647;
			files = (
				F9D9A4B32B34A69900CEC90B /* RickAndMortyAPIUITestsLaunchTests.swift in Sources */,
				F9D9A4B12B34A69900CEC90B /* RickAndMortyAPIUITests.swift in Sources */,
			);
			runOnlyForDeploymentPostprocessing = 0;
		};
/* End PBXSourcesBuildPhase section */

/* Begin PBXTargetDependency section */
		F9D9A4A42B34A69900CEC90B /* PBXTargetDependency */ = {
			isa = PBXTargetDependency;
			target = F9D9A4912B34A69700CEC90B /* RickAndMortyAPI */;
			targetProxy = F9D9A4A32B34A69900CEC90B /* PBXContainerItemProxy */;
		};
		F9D9A4AE2B34A69900CEC90B /* PBXTargetDependency */ = {
			isa = PBXTargetDependency;
			target = F9D9A4912B34A69700CEC90B /* RickAndMortyAPI */;
			targetProxy = F9D9A4AD2B34A69900CEC90B /* PBXContainerItemProxy */;
		};
/* End PBXTargetDependency section */

/* Begin XCBuildConfiguration section */
		F9D9A4B42B34A69900CEC90B /* Debug */ = {
			isa = XCBuildConfiguration;
			buildSettings = {
				ALWAYS_SEARCH_USER_PATHS = NO;
				ASSETCATALOG_COMPILER_GENERATE_SWIFT_ASSET_SYMBOL_EXTENSIONS = YES;
				CLANG_ANALYZER_NONNULL = YES;
				CLANG_ANALYZER_NUMBER_OBJECT_CONVERSION = YES_AGGRESSIVE;
				CLANG_CXX_LANGUAGE_STANDARD = "gnu++20";
				CLANG_ENABLE_MODULES = YES;
				CLANG_ENABLE_OBJC_ARC = YES;
				CLANG_ENABLE_OBJC_WEAK = YES;
				CLANG_WARN_BLOCK_CAPTURE_AUTORELEASING = YES;
				CLANG_WARN_BOOL_CONVERSION = YES;
				CLANG_WARN_COMMA = YES;
				CLANG_WARN_CONSTANT_CONVERSION = YES;
				CLANG_WARN_DEPRECATED_OBJC_IMPLEMENTATIONS = YES;
				CLANG_WARN_DIRECT_OBJC_ISA_USAGE = YES_ERROR;
				CLANG_WARN_DOCUMENTATION_COMMENTS = YES;
				CLANG_WARN_EMPTY_BODY = YES;
				CLANG_WARN_ENUM_CONVERSION = YES;
				CLANG_WARN_INFINITE_RECURSION = YES;
				CLANG_WARN_INT_CONVERSION = YES;
				CLANG_WARN_NON_LITERAL_NULL_CONVERSION = YES;
				CLANG_WARN_OBJC_IMPLICIT_RETAIN_SELF = YES;
				CLANG_WARN_OBJC_LITERAL_CONVERSION = YES;
				CLANG_WARN_OBJC_ROOT_CLASS = YES_ERROR;
				CLANG_WARN_QUOTED_INCLUDE_IN_FRAMEWORK_HEADER = YES;
				CLANG_WARN_RANGE_LOOP_ANALYSIS = YES;
				CLANG_WARN_STRICT_PROTOTYPES = YES;
				CLANG_WARN_SUSPICIOUS_MOVE = YES;
				CLANG_WARN_UNGUARDED_AVAILABILITY = YES_AGGRESSIVE;
				CLANG_WARN_UNREACHABLE_CODE = YES;
				CLANG_WARN__DUPLICATE_METHOD_MATCH = YES;
				COPY_PHASE_STRIP = NO;
				DEBUG_INFORMATION_FORMAT = dwarf;
				ENABLE_STRICT_OBJC_MSGSEND = YES;
				ENABLE_TESTABILITY = YES;
				ENABLE_USER_SCRIPT_SANDBOXING = YES;
				GCC_C_LANGUAGE_STANDARD = gnu17;
				GCC_DYNAMIC_NO_PIC = NO;
				GCC_NO_COMMON_BLOCKS = YES;
				GCC_OPTIMIZATION_LEVEL = 0;
				GCC_PREPROCESSOR_DEFINITIONS = (
					"DEBUG=1",
					"$(inherited)",
				);
				GCC_WARN_64_TO_32_BIT_CONVERSION = YES;
				GCC_WARN_ABOUT_RETURN_TYPE = YES_ERROR;
				GCC_WARN_UNDECLARED_SELECTOR = YES;
				GCC_WARN_UNINITIALIZED_AUTOS = YES_AGGRESSIVE;
				GCC_WARN_UNUSED_FUNCTION = YES;
				GCC_WARN_UNUSED_VARIABLE = YES;
				IPHONEOS_DEPLOYMENT_TARGET = 17.0;
				LOCALIZATION_PREFERS_STRING_CATALOGS = YES;
				MTL_ENABLE_DEBUG_INFO = INCLUDE_SOURCE;
				MTL_FAST_MATH = YES;
				ONLY_ACTIVE_ARCH = YES;
				SDKROOT = iphoneos;
				SWIFT_ACTIVE_COMPILATION_CONDITIONS = "DEBUG $(inherited)";
				SWIFT_OPTIMIZATION_LEVEL = "-Onone";
			};
			name = Debug;
		};
		F9D9A4B52B34A69900CEC90B /* Release */ = {
			isa = XCBuildConfiguration;
			buildSettings = {
				ALWAYS_SEARCH_USER_PATHS = NO;
				ASSETCATALOG_COMPILER_GENERATE_SWIFT_ASSET_SYMBOL_EXTENSIONS = YES;
				CLANG_ANALYZER_NONNULL = YES;
				CLANG_ANALYZER_NUMBER_OBJECT_CONVERSION = YES_AGGRESSIVE;
				CLANG_CXX_LANGUAGE_STANDARD = "gnu++20";
				CLANG_ENABLE_MODULES = YES;
				CLANG_ENABLE_OBJC_ARC = YES;
				CLANG_ENABLE_OBJC_WEAK = YES;
				CLANG_WARN_BLOCK_CAPTURE_AUTORELEASING = YES;
				CLANG_WARN_BOOL_CONVERSION = YES;
				CLANG_WARN_COMMA = YES;
				CLANG_WARN_CONSTANT_CONVERSION = YES;
				CLANG_WARN_DEPRECATED_OBJC_IMPLEMENTATIONS = YES;
				CLANG_WARN_DIRECT_OBJC_ISA_USAGE = YES_ERROR;
				CLANG_WARN_DOCUMENTATION_COMMENTS = YES;
				CLANG_WARN_EMPTY_BODY = YES;
				CLANG_WARN_ENUM_CONVERSION = YES;
				CLANG_WARN_INFINITE_RECURSION = YES;
				CLANG_WARN_INT_CONVERSION = YES;
				CLANG_WARN_NON_LITERAL_NULL_CONVERSION = YES;
				CLANG_WARN_OBJC_IMPLICIT_RETAIN_SELF = YES;
				CLANG_WARN_OBJC_LITERAL_CONVERSION = YES;
				CLANG_WARN_OBJC_ROOT_CLASS = YES_ERROR;
				CLANG_WARN_QUOTED_INCLUDE_IN_FRAMEWORK_HEADER = YES;
				CLANG_WARN_RANGE_LOOP_ANALYSIS = YES;
				CLANG_WARN_STRICT_PROTOTYPES = YES;
				CLANG_WARN_SUSPICIOUS_MOVE = YES;
				CLANG_WARN_UNGUARDED_AVAILABILITY = YES_AGGRESSIVE;
				CLANG_WARN_UNREACHABLE_CODE = YES;
				CLANG_WARN__DUPLICATE_METHOD_MATCH = YES;
				COPY_PHASE_STRIP = NO;
				DEBUG_INFORMATION_FORMAT = "dwarf-with-dsym";
				ENABLE_NS_ASSERTIONS = NO;
				ENABLE_STRICT_OBJC_MSGSEND = YES;
				ENABLE_USER_SCRIPT_SANDBOXING = YES;
				GCC_C_LANGUAGE_STANDARD = gnu17;
				GCC_NO_COMMON_BLOCKS = YES;
				GCC_WARN_64_TO_32_BIT_CONVERSION = YES;
				GCC_WARN_ABOUT_RETURN_TYPE = YES_ERROR;
				GCC_WARN_UNDECLARED_SELECTOR = YES;
				GCC_WARN_UNINITIALIZED_AUTOS = YES_AGGRESSIVE;
				GCC_WARN_UNUSED_FUNCTION = YES;
				GCC_WARN_UNUSED_VARIABLE = YES;
				IPHONEOS_DEPLOYMENT_TARGET = 17.0;
				LOCALIZATION_PREFERS_STRING_CATALOGS = YES;
				MTL_ENABLE_DEBUG_INFO = NO;
				MTL_FAST_MATH = YES;
				SDKROOT = iphoneos;
				SWIFT_COMPILATION_MODE = wholemodule;
				VALIDATE_PRODUCT = YES;
			};
			name = Release;
		};
		F9D9A4B72B34A69900CEC90B /* Debug */ = {
			isa = XCBuildConfiguration;
			buildSettings = {
				ASSETCATALOG_COMPILER_APPICON_NAME = AppIcon;
				ASSETCATALOG_COMPILER_GLOBAL_ACCENT_COLOR_NAME = AccentColor;
				CODE_SIGN_STYLE = Automatic;
				CURRENT_PROJECT_VERSION = 1;
				DEVELOPMENT_ASSET_PATHS = "\"RickAndMortyAPI/Preview Content\"";
				DEVELOPMENT_TEAM = X9V22R376N;
				ENABLE_PREVIEWS = YES;
				GENERATE_INFOPLIST_FILE = YES;
				INFOPLIST_KEY_UIApplicationSceneManifest_Generation = YES;
				INFOPLIST_KEY_UIApplicationSupportsIndirectInputEvents = YES;
				INFOPLIST_KEY_UILaunchScreen_Generation = YES;
				INFOPLIST_KEY_UISupportedInterfaceOrientations_iPad = "UIInterfaceOrientationPortrait UIInterfaceOrientationPortraitUpsideDown UIInterfaceOrientationLandscapeLeft UIInterfaceOrientationLandscapeRight";
				INFOPLIST_KEY_UISupportedInterfaceOrientations_iPhone = "UIInterfaceOrientationPortrait UIInterfaceOrientationLandscapeLeft UIInterfaceOrientationLandscapeRight";
				LD_RUNPATH_SEARCH_PATHS = (
					"$(inherited)",
					"@executable_path/Frameworks",
				);
				MARKETING_VERSION = 1.0;
				PRODUCT_BUNDLE_IDENTIFIER = "mauricio-maniglia.RickAndMortyAPI";
				PRODUCT_NAME = "$(TARGET_NAME)";
				SWIFT_EMIT_LOC_STRINGS = YES;
				SWIFT_VERSION = 5.0;
				TARGETED_DEVICE_FAMILY = "1,2";
			};
			name = Debug;
		};
		F9D9A4B82B34A69900CEC90B /* Release */ = {
			isa = XCBuildConfiguration;
			buildSettings = {
				ASSETCATALOG_COMPILER_APPICON_NAME = AppIcon;
				ASSETCATALOG_COMPILER_GLOBAL_ACCENT_COLOR_NAME = AccentColor;
				CODE_SIGN_STYLE = Automatic;
				CURRENT_PROJECT_VERSION = 1;
				DEVELOPMENT_ASSET_PATHS = "\"RickAndMortyAPI/Preview Content\"";
				DEVELOPMENT_TEAM = X9V22R376N;
				ENABLE_PREVIEWS = YES;
				GENERATE_INFOPLIST_FILE = YES;
				INFOPLIST_KEY_UIApplicationSceneManifest_Generation = YES;
				INFOPLIST_KEY_UIApplicationSupportsIndirectInputEvents = YES;
				INFOPLIST_KEY_UILaunchScreen_Generation = YES;
				INFOPLIST_KEY_UISupportedInterfaceOrientations_iPad = "UIInterfaceOrientationPortrait UIInterfaceOrientationPortraitUpsideDown UIInterfaceOrientationLandscapeLeft UIInterfaceOrientationLandscapeRight";
				INFOPLIST_KEY_UISupportedInterfaceOrientations_iPhone = "UIInterfaceOrientationPortrait UIInterfaceOrientationLandscapeLeft UIInterfaceOrientationLandscapeRight";
				LD_RUNPATH_SEARCH_PATHS = (
					"$(inherited)",
					"@executable_path/Frameworks",
				);
				MARKETING_VERSION = 1.0;
				PRODUCT_BUNDLE_IDENTIFIER = "mauricio-maniglia.RickAndMortyAPI";
				PRODUCT_NAME = "$(TARGET_NAME)";
				SWIFT_EMIT_LOC_STRINGS = YES;
				SWIFT_VERSION = 5.0;
				TARGETED_DEVICE_FAMILY = "1,2";
			};
			name = Release;
		};
		F9D9A4BA2B34A69900CEC90B /* Debug */ = {
			isa = XCBuildConfiguration;
			buildSettings = {
				ALWAYS_EMBED_SWIFT_STANDARD_LIBRARIES = YES;
				BUNDLE_LOADER = "$(TEST_HOST)";
				CODE_SIGN_STYLE = Automatic;
				CURRENT_PROJECT_VERSION = 1;
				DEVELOPMENT_TEAM = X9V22R376N;
				GENERATE_INFOPLIST_FILE = YES;
				IPHONEOS_DEPLOYMENT_TARGET = 17.0;
				MARKETING_VERSION = 1.0;
				PRODUCT_BUNDLE_IDENTIFIER = "mauricio-maniglia.RickAndMortyAPITests";
				PRODUCT_NAME = "$(TARGET_NAME)";
				SWIFT_EMIT_LOC_STRINGS = NO;
				SWIFT_VERSION = 5.0;
				TARGETED_DEVICE_FAMILY = "1,2";
				TEST_HOST = "$(BUILT_PRODUCTS_DIR)/RickAndMortyAPI.app/$(BUNDLE_EXECUTABLE_FOLDER_PATH)/RickAndMortyAPI";
			};
			name = Debug;
		};
		F9D9A4BB2B34A69900CEC90B /* Release */ = {
			isa = XCBuildConfiguration;
			buildSettings = {
				ALWAYS_EMBED_SWIFT_STANDARD_LIBRARIES = YES;
				BUNDLE_LOADER = "$(TEST_HOST)";
				CODE_SIGN_STYLE = Automatic;
				CURRENT_PROJECT_VERSION = 1;
				DEVELOPMENT_TEAM = X9V22R376N;
				GENERATE_INFOPLIST_FILE = YES;
				IPHONEOS_DEPLOYMENT_TARGET = 17.0;
				MARKETING_VERSION = 1.0;
				PRODUCT_BUNDLE_IDENTIFIER = "mauricio-maniglia.RickAndMortyAPITests";
				PRODUCT_NAME = "$(TARGET_NAME)";
				SWIFT_EMIT_LOC_STRINGS = NO;
				SWIFT_VERSION = 5.0;
				TARGETED_DEVICE_FAMILY = "1,2";
				TEST_HOST = "$(BUILT_PRODUCTS_DIR)/RickAndMortyAPI.app/$(BUNDLE_EXECUTABLE_FOLDER_PATH)/RickAndMortyAPI";
			};
			name = Release;
		};
		F9D9A4BD2B34A69900CEC90B /* Debug */ = {
			isa = XCBuildConfiguration;
			buildSettings = {
				ALWAYS_EMBED_SWIFT_STANDARD_LIBRARIES = YES;
				CODE_SIGN_STYLE = Automatic;
				CURRENT_PROJECT_VERSION = 1;
				DEVELOPMENT_TEAM = X9V22R376N;
				GENERATE_INFOPLIST_FILE = YES;
				MARKETING_VERSION = 1.0;
				PRODUCT_BUNDLE_IDENTIFIER = "mauricio-maniglia.RickAndMortyAPIUITests";
				PRODUCT_NAME = "$(TARGET_NAME)";
				SWIFT_EMIT_LOC_STRINGS = NO;
				SWIFT_VERSION = 5.0;
				TARGETED_DEVICE_FAMILY = "1,2";
				TEST_TARGET_NAME = RickAndMortyAPI;
			};
			name = Debug;
		};
		F9D9A4BE2B34A69900CEC90B /* Release */ = {
			isa = XCBuildConfiguration;
			buildSettings = {
				ALWAYS_EMBED_SWIFT_STANDARD_LIBRARIES = YES;
				CODE_SIGN_STYLE = Automatic;
				CURRENT_PROJECT_VERSION = 1;
				DEVELOPMENT_TEAM = X9V22R376N;
				GENERATE_INFOPLIST_FILE = YES;
				MARKETING_VERSION = 1.0;
				PRODUCT_BUNDLE_IDENTIFIER = "mauricio-maniglia.RickAndMortyAPIUITests";
				PRODUCT_NAME = "$(TARGET_NAME)";
				SWIFT_EMIT_LOC_STRINGS = NO;
				SWIFT_VERSION = 5.0;
				TARGETED_DEVICE_FAMILY = "1,2";
				TEST_TARGET_NAME = RickAndMortyAPI;
			};
			name = Release;
		};
/* End XCBuildConfiguration section */

/* Begin XCConfigurationList section */
		F9D9A48D2B34A69700CEC90B /* Build configuration list for PBXProject "RickAndMortyAPI" */ = {
			isa = XCConfigurationList;
			buildConfigurations = (
				F9D9A4B42B34A69900CEC90B /* Debug */,
				F9D9A4B52B34A69900CEC90B /* Release */,
			);
			defaultConfigurationIsVisible = 0;
			defaultConfigurationName = Release;
		};
		F9D9A4B62B34A69900CEC90B /* Build configuration list for PBXNativeTarget "RickAndMortyAPI" */ = {
			isa = XCConfigurationList;
			buildConfigurations = (
				F9D9A4B72B34A69900CEC90B /* Debug */,
				F9D9A4B82B34A69900CEC90B /* Release */,
			);
			defaultConfigurationIsVisible = 0;
			defaultConfigurationName = Release;
		};
		F9D9A4B92B34A69900CEC90B /* Build configuration list for PBXNativeTarget "RickAndMortyAPITests" */ = {
			isa = XCConfigurationList;
			buildConfigurations = (
				F9D9A4BA2B34A69900CEC90B /* Debug */,
				F9D9A4BB2B34A69900CEC90B /* Release */,
			);
			defaultConfigurationIsVisible = 0;
			defaultConfigurationName = Release;
		};
		F9D9A4BC2B34A69900CEC90B /* Build configuration list for PBXNativeTarget "RickAndMortyAPIUITests" */ = {
			isa = XCConfigurationList;
			buildConfigurations = (
				F9D9A4BD2B34A69900CEC90B /* Debug */,
				F9D9A4BE2B34A69900CEC90B /* Release */,
			);
			defaultConfigurationIsVisible = 0;
			defaultConfigurationName = Release;
		};
/* End XCConfigurationList section */

/* Begin XCVersionGroup section */
		F98D03A22B39C40700DAD0EC /* CharacterStore.xcdatamodeld */ = {
			isa = XCVersionGroup;
			children = (
				F98D03A32B39C40700DAD0EC /* CharacterStore.xcdatamodel */,
			);
			currentVersion = F98D03A32B39C40700DAD0EC /* CharacterStore.xcdatamodel */;
			path = CharacterStore.xcdatamodeld;
			sourceTree = "<group>";
			versionGroupType = wrapper.xcdatamodel;
		};
/* End XCVersionGroup section */
	};
	rootObject = F9D9A48A2B34A69700CEC90B /* Project object */;
}
