// !$*UTF8*$!
{
	archiveVersion = 1;
	classes = {
	};
	objectVersion = 55;
	objects = {

/* Begin PBXBuildFile section */
		6A546FF22877BC8000B55CDE /* landmarkData.json in Resources */ = {isa = PBXBuildFile; fileRef = 6A546FF12877BC7F00B55CDE /* landmarkData.json */; };
		6A546FF32877BC8000B55CDE /* landmarkData.json in Resources */ = {isa = PBXBuildFile; fileRef = 6A546FF12877BC7F00B55CDE /* landmarkData.json */; };
		6A546FF52877BD6600B55CDE /* Landmark.swift in Sources */ = {isa = PBXBuildFile; fileRef = 6A546FF42877BD6600B55CDE /* Landmark.swift */; };
		6A546FF62877BD6600B55CDE /* Landmark.swift in Sources */ = {isa = PBXBuildFile; fileRef = 6A546FF42877BD6600B55CDE /* Landmark.swift */; };
		6A546FF9287865AF00B55CDE /* ModelData.swift in Sources */ = {isa = PBXBuildFile; fileRef = 6A546FF8287865AF00B55CDE /* ModelData.swift */; };
		6A546FFA287865AF00B55CDE /* ModelData.swift in Sources */ = {isa = PBXBuildFile; fileRef = 6A546FF8287865AF00B55CDE /* ModelData.swift */; };
		6A546FFF2878708600B55CDE /* LandmarkRow.swift in Sources */ = {isa = PBXBuildFile; fileRef = 6A546FFE2878708600B55CDE /* LandmarkRow.swift */; };
		6A5470002878708600B55CDE /* LandmarkRow.swift in Sources */ = {isa = PBXBuildFile; fileRef = 6A546FFE2878708600B55CDE /* LandmarkRow.swift */; };
		6AD18A9D287656C7005BAB9F /* LandmarksApp.swift in Sources */ = {isa = PBXBuildFile; fileRef = 6AD18A8D287656C0005BAB9F /* LandmarksApp.swift */; };
		6AD18A9E287656C7005BAB9F /* LandmarksApp.swift in Sources */ = {isa = PBXBuildFile; fileRef = 6AD18A8D287656C0005BAB9F /* LandmarksApp.swift */; };
		6AD18A9F287656C7005BAB9F /* ContentView.swift in Sources */ = {isa = PBXBuildFile; fileRef = 6AD18A8E287656C0005BAB9F /* ContentView.swift */; };
		6AD18AA0287656C7005BAB9F /* ContentView.swift in Sources */ = {isa = PBXBuildFile; fileRef = 6AD18A8E287656C0005BAB9F /* ContentView.swift */; };
		6AD18AA1287656C7005BAB9F /* Assets.xcassets in Resources */ = {isa = PBXBuildFile; fileRef = 6AD18A8F287656C7005BAB9F /* Assets.xcassets */; };
		6AD18AA2287656C7005BAB9F /* Assets.xcassets in Resources */ = {isa = PBXBuildFile; fileRef = 6AD18A8F287656C7005BAB9F /* Assets.xcassets */; };
		6AD18AAC287661E4005BAB9F /* CircleImage.swift in Sources */ = {isa = PBXBuildFile; fileRef = 6AD18AAB287661E4005BAB9F /* CircleImage.swift */; };
		6AD18AAD287661E4005BAB9F /* CircleImage.swift in Sources */ = {isa = PBXBuildFile; fileRef = 6AD18AAB287661E4005BAB9F /* CircleImage.swift */; };
		6AD18AAF28766323005BAB9F /* MapView.swift in Sources */ = {isa = PBXBuildFile; fileRef = 6AD18AAE28766323005BAB9F /* MapView.swift */; };
		6AD18AB028766323005BAB9F /* MapView.swift in Sources */ = {isa = PBXBuildFile; fileRef = 6AD18AAE28766323005BAB9F /* MapView.swift */; };
/* End PBXBuildFile section */

/* Begin PBXFileReference section */
		6A546FF12877BC7F00B55CDE /* landmarkData.json */ = {isa = PBXFileReference; fileEncoding = 4; lastKnownFileType = text.json; path = landmarkData.json; sourceTree = "<group>"; };
		6A546FF42877BD6600B55CDE /* Landmark.swift */ = {isa = PBXFileReference; lastKnownFileType = sourcecode.swift; path = Landmark.swift; sourceTree = "<group>"; };
		6A546FF8287865AF00B55CDE /* ModelData.swift */ = {isa = PBXFileReference; lastKnownFileType = sourcecode.swift; path = ModelData.swift; sourceTree = "<group>"; };
		6A546FFE2878708600B55CDE /* LandmarkRow.swift */ = {isa = PBXFileReference; lastKnownFileType = sourcecode.swift; path = LandmarkRow.swift; sourceTree = "<group>"; };
		6AD18A8D287656C0005BAB9F /* LandmarksApp.swift */ = {isa = PBXFileReference; lastKnownFileType = sourcecode.swift; path = LandmarksApp.swift; sourceTree = "<group>"; };
		6AD18A8E287656C0005BAB9F /* ContentView.swift */ = {isa = PBXFileReference; lastKnownFileType = sourcecode.swift; path = ContentView.swift; sourceTree = "<group>"; };
		6AD18A8F287656C7005BAB9F /* Assets.xcassets */ = {isa = PBXFileReference; lastKnownFileType = folder.assetcatalog; path = Assets.xcassets; sourceTree = "<group>"; };
		6AD18A94287656C7005BAB9F /* Landmarks.app */ = {isa = PBXFileReference; explicitFileType = wrapper.application; includeInIndex = 0; path = Landmarks.app; sourceTree = BUILT_PRODUCTS_DIR; };
		6AD18A9A287656C7005BAB9F /* Landmarks.app */ = {isa = PBXFileReference; explicitFileType = wrapper.application; includeInIndex = 0; path = Landmarks.app; sourceTree = BUILT_PRODUCTS_DIR; };
		6AD18A9C287656C7005BAB9F /* macOS.entitlements */ = {isa = PBXFileReference; lastKnownFileType = text.plist.entitlements; path = macOS.entitlements; sourceTree = "<group>"; };
		6AD18AAB287661E4005BAB9F /* CircleImage.swift */ = {isa = PBXFileReference; lastKnownFileType = sourcecode.swift; path = CircleImage.swift; sourceTree = "<group>"; };
		6AD18AAE28766323005BAB9F /* MapView.swift */ = {isa = PBXFileReference; lastKnownFileType = sourcecode.swift; path = MapView.swift; sourceTree = "<group>"; };
/* End PBXFileReference section */

/* Begin PBXFrameworksBuildPhase section */
		6AD18A91287656C7005BAB9F /* Frameworks */ = {
			isa = PBXFrameworksBuildPhase;
			buildActionMask = 2147483647;
			files = (
			);
			runOnlyForDeploymentPostprocessing = 0;
		};
		6AD18A97287656C7005BAB9F /* Frameworks */ = {
			isa = PBXFrameworksBuildPhase;
			buildActionMask = 2147483647;
			files = (
			);
			runOnlyForDeploymentPostprocessing = 0;
		};
/* End PBXFrameworksBuildPhase section */

/* Begin PBXGroup section */
		6A546FFB2878672300B55CDE /* Views */ = {
			isa = PBXGroup;
			children = (
				6AD18A8E287656C0005BAB9F /* ContentView.swift */,
				6AD18AAB287661E4005BAB9F /* CircleImage.swift */,
				6AD18AAE28766323005BAB9F /* MapView.swift */,
				6A546FFE2878708600B55CDE /* LandmarkRow.swift */,
			);
			path = Views;
			sourceTree = "<group>";
		};
		6A546FFC2878672F00B55CDE /* Model */ = {
			isa = PBXGroup;
			children = (
				6A546FF42877BD6600B55CDE /* Landmark.swift */,
				6A546FF8287865AF00B55CDE /* ModelData.swift */,
			);
			path = Model;
			sourceTree = "<group>";
		};
		6A546FFD2878674200B55CDE /* Resources */ = {
			isa = PBXGroup;
			children = (
				6A546FF12877BC7F00B55CDE /* landmarkData.json */,
			);
			path = Resources;
			sourceTree = "<group>";
		};
		6AD18A87287656BF005BAB9F = {
			isa = PBXGroup;
			children = (
				6AD18A8C287656C0005BAB9F /* Shared */,
				6AD18A9B287656C7005BAB9F /* macOS */,
				6AD18A95287656C7005BAB9F /* Products */,
			);
			sourceTree = "<group>";
		};
		6AD18A8C287656C0005BAB9F /* Shared */ = {
			isa = PBXGroup;
			children = (
				6A546FFD2878674200B55CDE /* Resources */,
				6A546FFC2878672F00B55CDE /* Model */,
				6A546FFB2878672300B55CDE /* Views */,
				6AD18A8D287656C0005BAB9F /* LandmarksApp.swift */,
				6AD18A8F287656C7005BAB9F /* Assets.xcassets */,
			);
			path = Shared;
			sourceTree = "<group>";
		};
		6AD18A95287656C7005BAB9F /* Products */ = {
			isa = PBXGroup;
			children = (
				6AD18A94287656C7005BAB9F /* Landmarks.app */,
				6AD18A9A287656C7005BAB9F /* Landmarks.app */,
			);
			name = Products;
			sourceTree = "<group>";
		};
		6AD18A9B287656C7005BAB9F /* macOS */ = {
			isa = PBXGroup;
			children = (
				6AD18A9C287656C7005BAB9F /* macOS.entitlements */,
			);
			path = macOS;
			sourceTree = "<group>";
		};
/* End PBXGroup section */

/* Begin PBXNativeTarget section */
		6AD18A93287656C7005BAB9F /* Landmarks (iOS) */ = {
			isa = PBXNativeTarget;
			buildConfigurationList = 6AD18AA5287656C7005BAB9F /* Build configuration list for PBXNativeTarget "Landmarks (iOS)" */;
			buildPhases = (
				6AD18A90287656C7005BAB9F /* Sources */,
				6AD18A91287656C7005BAB9F /* Frameworks */,
				6AD18A92287656C7005BAB9F /* Resources */,
			);
			buildRules = (
			);
			dependencies = (
			);
			name = "Landmarks (iOS)";
			productName = "Landmarks (iOS)";
			productReference = 6AD18A94287656C7005BAB9F /* Landmarks.app */;
			productType = "com.apple.product-type.application";
		};
		6AD18A99287656C7005BAB9F /* Landmarks (macOS) */ = {
			isa = PBXNativeTarget;
			buildConfigurationList = 6AD18AA8287656C7005BAB9F /* Build configuration list for PBXNativeTarget "Landmarks (macOS)" */;
			buildPhases = (
				6AD18A96287656C7005BAB9F /* Sources */,
				6AD18A97287656C7005BAB9F /* Frameworks */,
				6AD18A98287656C7005BAB9F /* Resources */,
			);
			buildRules = (
			);
			dependencies = (
			);
			name = "Landmarks (macOS)";
			productName = "Landmarks (macOS)";
			productReference = 6AD18A9A287656C7005BAB9F /* Landmarks.app */;
			productType = "com.apple.product-type.application";
		};
/* End PBXNativeTarget section */

/* Begin PBXProject section */
		6AD18A88287656BF005BAB9F /* Project object */ = {
			isa = PBXProject;
			attributes = {
				BuildIndependentTargetsInParallel = 1;
				LastSwiftUpdateCheck = 1340;
				LastUpgradeCheck = 1340;
				TargetAttributes = {
					6AD18A93287656C7005BAB9F = {
						CreatedOnToolsVersion = 13.4.1;
					};
					6AD18A99287656C7005BAB9F = {
						CreatedOnToolsVersion = 13.4.1;
					};
				};
			};
			buildConfigurationList = 6AD18A8B287656BF005BAB9F /* Build configuration list for PBXProject "Landmarks" */;
			compatibilityVersion = "Xcode 13.0";
			developmentRegion = en;
			hasScannedForEncodings = 0;
			knownRegions = (
				en,
				Base,
			);
			mainGroup = 6AD18A87287656BF005BAB9F;
			productRefGroup = 6AD18A95287656C7005BAB9F /* Products */;
			projectDirPath = "";
			projectRoot = "";
			targets = (
				6AD18A93287656C7005BAB9F /* Landmarks (iOS) */,
				6AD18A99287656C7005BAB9F /* Landmarks (macOS) */,
			);
		};
/* End PBXProject section */

/* Begin PBXResourcesBuildPhase section */
		6AD18A92287656C7005BAB9F /* Resources */ = {
			isa = PBXResourcesBuildPhase;
			buildActionMask = 2147483647;
			files = (
				6AD18AA1287656C7005BAB9F /* Assets.xcassets in Resources */,
				6A546FF22877BC8000B55CDE /* landmarkData.json in Resources */,
			);
			runOnlyForDeploymentPostprocessing = 0;
		};
		6AD18A98287656C7005BAB9F /* Resources */ = {
			isa = PBXResourcesBuildPhase;
			buildActionMask = 2147483647;
			files = (
				6AD18AA2287656C7005BAB9F /* Assets.xcassets in Resources */,
				6A546FF32877BC8000B55CDE /* landmarkData.json in Resources */,
			);
			runOnlyForDeploymentPostprocessing = 0;
		};
/* End PBXResourcesBuildPhase section */

/* Begin PBXSourcesBuildPhase section */
		6AD18A90287656C7005BAB9F /* Sources */ = {
			isa = PBXSourcesBuildPhase;
			buildActionMask = 2147483647;
			files = (
				6AD18A9F287656C7005BAB9F /* ContentView.swift in Sources */,
				6AD18AAF28766323005BAB9F /* MapView.swift in Sources */,
				6AD18A9D287656C7005BAB9F /* LandmarksApp.swift in Sources */,
				6AD18AAC287661E4005BAB9F /* CircleImage.swift in Sources */,
				6A546FF52877BD6600B55CDE /* Landmark.swift in Sources */,
				6A546FFF2878708600B55CDE /* LandmarkRow.swift in Sources */,
				6A546FF9287865AF00B55CDE /* ModelData.swift in Sources */,
			);
			runOnlyForDeploymentPostprocessing = 0;
		};
		6AD18A96287656C7005BAB9F /* Sources */ = {
			isa = PBXSourcesBuildPhase;
			buildActionMask = 2147483647;
			files = (
				6AD18AA0287656C7005BAB9F /* ContentView.swift in Sources */,
				6AD18AB028766323005BAB9F /* MapView.swift in Sources */,
				6AD18A9E287656C7005BAB9F /* LandmarksApp.swift in Sources */,
				6AD18AAD287661E4005BAB9F /* CircleImage.swift in Sources */,
				6A546FF62877BD6600B55CDE /* Landmark.swift in Sources */,
				6A5470002878708600B55CDE /* LandmarkRow.swift in Sources */,
				6A546FFA287865AF00B55CDE /* ModelData.swift in Sources */,
			);
			runOnlyForDeploymentPostprocessing = 0;
		};
/* End PBXSourcesBuildPhase section */

/* Begin XCBuildConfiguration section */
		6AD18AA3287656C7005BAB9F /* Debug */ = {
			isa = XCBuildConfiguration;
			buildSettings = {
				ALWAYS_SEARCH_USER_PATHS = NO;
				CLANG_ANALYZER_NONNULL = YES;
				CLANG_ANALYZER_NUMBER_OBJECT_CONVERSION = YES_AGGRESSIVE;
				CLANG_CXX_LANGUAGE_STANDARD = "gnu++17";
				CLANG_ENABLE_MODULES = YES;
				CLANG_ENABLE_OBJC_ARC = YES;
				CLANG_ENABLE_OBJC_WEAK = YES;
				CLANG_WARN_BLOCK_CAPTURE_AUTORELEASING = YES;
				CLANG_WARN_BOOL_CONVERSION = YES;
				CLANG_WARN_COMMA = YES;
				CLANG_WARN_CONSTANT_CONVERSION = YES;
				CLANG_WARN_DEPRECATED_OBJC_IMPLEMENTATIONS = YES;
				CLANG_WARN_DIRECT_OBJC_ISA_USAGE = YES_ERROR;
				CLANG_WARN_DOCUMENTATION_COMMENTS = YES;
				CLANG_WARN_EMPTY_BODY = YES;
				CLANG_WARN_ENUM_CONVERSION = YES;
				CLANG_WARN_INFINITE_RECURSION = YES;
				CLANG_WARN_INT_CONVERSION = YES;
				CLANG_WARN_NON_LITERAL_NULL_CONVERSION = YES;
				CLANG_WARN_OBJC_IMPLICIT_RETAIN_SELF = YES;
				CLANG_WARN_OBJC_LITERAL_CONVERSION = YES;
				CLANG_WARN_OBJC_ROOT_CLASS = YES_ERROR;
				CLANG_WARN_QUOTED_INCLUDE_IN_FRAMEWORK_HEADER = YES;
				CLANG_WARN_RANGE_LOOP_ANALYSIS = YES;
				CLANG_WARN_STRICT_PROTOTYPES = YES;
				CLANG_WARN_SUSPICIOUS_MOVE = YES;
				CLANG_WARN_UNGUARDED_AVAILABILITY = YES_AGGRESSIVE;
				CLANG_WARN_UNREACHABLE_CODE = YES;
				CLANG_WARN__DUPLICATE_METHOD_MATCH = YES;
				COPY_PHASE_STRIP = NO;
				DEBUG_INFORMATION_FORMAT = dwarf;
				ENABLE_STRICT_OBJC_MSGSEND = YES;
				ENABLE_TESTABILITY = YES;
				GCC_C_LANGUAGE_STANDARD = gnu11;
				GCC_DYNAMIC_NO_PIC = NO;
				GCC_NO_COMMON_BLOCKS = YES;
				GCC_OPTIMIZATION_LEVEL = 0;
				GCC_PREPROCESSOR_DEFINITIONS = (
					"DEBUG=1",
					"$(inherited)",
				);
				GCC_WARN_64_TO_32_BIT_CONVERSION = YES;
				GCC_WARN_ABOUT_RETURN_TYPE = YES_ERROR;
				GCC_WARN_UNDECLARED_SELECTOR = YES;
				GCC_WARN_UNINITIALIZED_AUTOS = YES_AGGRESSIVE;
				GCC_WARN_UNUSED_FUNCTION = YES;
				GCC_WARN_UNUSED_VARIABLE = YES;
				MTL_ENABLE_DEBUG_INFO = INCLUDE_SOURCE;
				MTL_FAST_MATH = YES;
				ONLY_ACTIVE_ARCH = YES;
				SWIFT_ACTIVE_COMPILATION_CONDITIONS = DEBUG;
				SWIFT_OPTIMIZATION_LEVEL = "-Onone";
			};
			name = Debug;
		};
		6AD18AA4287656C7005BAB9F /* Release */ = {
			isa = XCBuildConfiguration;
			buildSettings = {
				ALWAYS_SEARCH_USER_PATHS = NO;
				CLANG_ANALYZER_NONNULL = YES;
				CLANG_ANALYZER_NUMBER_OBJECT_CONVERSION = YES_AGGRESSIVE;
				CLANG_CXX_LANGUAGE_STANDARD = "gnu++17";
				CLANG_ENABLE_MODULES = YES;
				CLANG_ENABLE_OBJC_ARC = YES;
				CLANG_ENABLE_OBJC_WEAK = YES;
				CLANG_WARN_BLOCK_CAPTURE_AUTORELEASING = YES;
				CLANG_WARN_BOOL_CONVERSION = YES;
				CLANG_WARN_COMMA = YES;
				CLANG_WARN_CONSTANT_CONVERSION = YES;
				CLANG_WARN_DEPRECATED_OBJC_IMPLEMENTATIONS = YES;
				CLANG_WARN_DIRECT_OBJC_ISA_USAGE = YES_ERROR;
				CLANG_WARN_DOCUMENTATION_COMMENTS = YES;
				CLANG_WARN_EMPTY_BODY = YES;
				CLANG_WARN_ENUM_CONVERSION = YES;
				CLANG_WARN_INFINITE_RECURSION = YES;
				CLANG_WARN_INT_CONVERSION = YES;
				CLANG_WARN_NON_LITERAL_NULL_CONVERSION = YES;
				CLANG_WARN_OBJC_IMPLICIT_RETAIN_SELF = YES;
				CLANG_WARN_OBJC_LITERAL_CONVERSION = YES;
				CLANG_WARN_OBJC_ROOT_CLASS = YES_ERROR;
				CLANG_WARN_QUOTED_INCLUDE_IN_FRAMEWORK_HEADER = YES;
				CLANG_WARN_RANGE_LOOP_ANALYSIS = YES;
				CLANG_WARN_STRICT_PROTOTYPES = YES;
				CLANG_WARN_SUSPICIOUS_MOVE = YES;
				CLANG_WARN_UNGUARDED_AVAILABILITY = YES_AGGRESSIVE;
				CLANG_WARN_UNREACHABLE_CODE = YES;
				CLANG_WARN__DUPLICATE_METHOD_MATCH = YES;
				COPY_PHASE_STRIP = NO;
				DEBUG_INFORMATION_FORMAT = "dwarf-with-dsym";
				ENABLE_NS_ASSERTIONS = NO;
				ENABLE_STRICT_OBJC_MSGSEND = YES;
				GCC_C_LANGUAGE_STANDARD = gnu11;
				GCC_NO_COMMON_BLOCKS = YES;
				GCC_WARN_64_TO_32_BIT_CONVERSION = YES;
				GCC_WARN_ABOUT_RETURN_TYPE = YES_ERROR;
				GCC_WARN_UNDECLARED_SELECTOR = YES;
				GCC_WARN_UNINITIALIZED_AUTOS = YES_AGGRESSIVE;
				GCC_WARN_UNUSED_FUNCTION = YES;
				GCC_WARN_UNUSED_VARIABLE = YES;
				MTL_ENABLE_DEBUG_INFO = NO;
				MTL_FAST_MATH = YES;
				SWIFT_COMPILATION_MODE = wholemodule;
				SWIFT_OPTIMIZATION_LEVEL = "-O";
			};
			name = Release;
		};
		6AD18AA6287656C7005BAB9F /* Debug */ = {
			isa = XCBuildConfiguration;
			buildSettings = {
				ASSETCATALOG_COMPILER_APPICON_NAME = AppIcon;
				ASSETCATALOG_COMPILER_GLOBAL_ACCENT_COLOR_NAME = AccentColor;
				CODE_SIGN_STYLE = Automatic;
				CURRENT_PROJECT_VERSION = 1;
				ENABLE_PREVIEWS = YES;
				GENERATE_INFOPLIST_FILE = YES;
				INFOPLIST_KEY_UIApplicationSceneManifest_Generation = YES;
				INFOPLIST_KEY_UIApplicationSupportsIndirectInputEvents = YES;
				INFOPLIST_KEY_UILaunchScreen_Generation = YES;
				INFOPLIST_KEY_UISupportedInterfaceOrientations_iPad = "UIInterfaceOrientationPortrait UIInterfaceOrientationPortraitUpsideDown UIInterfaceOrientationLandscapeLeft UIInterfaceOrientationLandscapeRight";
				INFOPLIST_KEY_UISupportedInterfaceOrientations_iPhone = "UIInterfaceOrientationPortrait UIInterfaceOrientationLandscapeLeft UIInterfaceOrientationLandscapeRight";
				IPHONEOS_DEPLOYMENT_TARGET = 15.5;
				LD_RUNPATH_SEARCH_PATHS = (
					"$(inherited)",
					"@executable_path/Frameworks",
				);
				MARKETING_VERSION = 1.0;
				PRODUCT_BUNDLE_IDENTIFIER = mauricio.Landmarks;
				PRODUCT_NAME = Landmarks;
				SDKROOT = iphoneos;
				SWIFT_EMIT_LOC_STRINGS = YES;
				SWIFT_VERSION = 5.0;
				TARGETED_DEVICE_FAMILY = "1,2";
			};
			name = Debug;
		};
		6AD18AA7287656C7005BAB9F /* Release */ = {
			isa = XCBuildConfiguration;
			buildSettings = {
				ASSETCATALOG_COMPILER_APPICON_NAME = AppIcon;
				ASSETCATALOG_COMPILER_GLOBAL_ACCENT_COLOR_NAME = AccentColor;
				CODE_SIGN_STYLE = Automatic;
				CURRENT_PROJECT_VERSION = 1;
				ENABLE_PREVIEWS = YES;
				GENERATE_INFOPLIST_FILE = YES;
				INFOPLIST_KEY_UIApplicationSceneManifest_Generation = YES;
				INFOPLIST_KEY_UIApplicationSupportsIndirectInputEvents = YES;
				INFOPLIST_KEY_UILaunchScreen_Generation = YES;
				INFOPLIST_KEY_UISupportedInterfaceOrientations_iPad = "UIInterfaceOrientationPortrait UIInterfaceOrientationPortraitUpsideDown UIInterfaceOrientationLandscapeLeft UIInterfaceOrientationLandscapeRight";
				INFOPLIST_KEY_UISupportedInterfaceOrientations_iPhone = "UIInterfaceOrientationPortrait UIInterfaceOrientationLandscapeLeft UIInterfaceOrientationLandscapeRight";
				IPHONEOS_DEPLOYMENT_TARGET = 15.5;
				LD_RUNPATH_SEARCH_PATHS = (
					"$(inherited)",
					"@executable_path/Frameworks",
				);
				MARKETING_VERSION = 1.0;
				PRODUCT_BUNDLE_IDENTIFIER = mauricio.Landmarks;
				PRODUCT_NAME = Landmarks;
				SDKROOT = iphoneos;
				SWIFT_EMIT_LOC_STRINGS = YES;
				SWIFT_VERSION = 5.0;
				TARGETED_DEVICE_FAMILY = "1,2";
				VALIDATE_PRODUCT = YES;
			};
			name = Release;
		};
		6AD18AA9287656C7005BAB9F /* Debug */ = {
			isa = XCBuildConfiguration;
			buildSettings = {
				ASSETCATALOG_COMPILER_APPICON_NAME = AppIcon;
				ASSETCATALOG_COMPILER_GLOBAL_ACCENT_COLOR_NAME = AccentColor;
				CODE_SIGN_ENTITLEMENTS = macOS/macOS.entitlements;
				CODE_SIGN_STYLE = Automatic;
				COMBINE_HIDPI_IMAGES = YES;
				CURRENT_PROJECT_VERSION = 1;
				ENABLE_PREVIEWS = YES;
				GENERATE_INFOPLIST_FILE = YES;
				INFOPLIST_KEY_NSHumanReadableCopyright = "";
				LD_RUNPATH_SEARCH_PATHS = (
					"$(inherited)",
					"@executable_path/../Frameworks",
				);
				MACOSX_DEPLOYMENT_TARGET = 12.3;
				MARKETING_VERSION = 1.0;
				PRODUCT_BUNDLE_IDENTIFIER = mauricio.Landmarks;
				PRODUCT_NAME = Landmarks;
				SDKROOT = macosx;
				SWIFT_EMIT_LOC_STRINGS = YES;
				SWIFT_VERSION = 5.0;
			};
			name = Debug;
		};
		6AD18AAA287656C7005BAB9F /* Release */ = {
			isa = XCBuildConfiguration;
			buildSettings = {
				ASSETCATALOG_COMPILER_APPICON_NAME = AppIcon;
				ASSETCATALOG_COMPILER_GLOBAL_ACCENT_COLOR_NAME = AccentColor;
				CODE_SIGN_ENTITLEMENTS = macOS/macOS.entitlements;
				CODE_SIGN_STYLE = Automatic;
				COMBINE_HIDPI_IMAGES = YES;
				CURRENT_PROJECT_VERSION = 1;
				ENABLE_PREVIEWS = YES;
				GENERATE_INFOPLIST_FILE = YES;
				INFOPLIST_KEY_NSHumanReadableCopyright = "";
				LD_RUNPATH_SEARCH_PATHS = (
					"$(inherited)",
					"@executable_path/../Frameworks",
				);
				MACOSX_DEPLOYMENT_TARGET = 12.3;
				MARKETING_VERSION = 1.0;
				PRODUCT_BUNDLE_IDENTIFIER = mauricio.Landmarks;
				PRODUCT_NAME = Landmarks;
				SDKROOT = macosx;
				SWIFT_EMIT_LOC_STRINGS = YES;
				SWIFT_VERSION = 5.0;
			};
			name = Release;
		};
/* End XCBuildConfiguration section */

/* Begin XCConfigurationList section */
		6AD18A8B287656BF005BAB9F /* Build configuration list for PBXProject "Landmarks" */ = {
			isa = XCConfigurationList;
			buildConfigurations = (
				6AD18AA3287656C7005BAB9F /* Debug */,
				6AD18AA4287656C7005BAB9F /* Release */,
			);
			defaultConfigurationIsVisible = 0;
			defaultConfigurationName = Release;
		};
		6AD18AA5287656C7005BAB9F /* Build configuration list for PBXNativeTarget "Landmarks (iOS)" */ = {
			isa = XCConfigurationList;
			buildConfigurations = (
				6AD18AA6287656C7005BAB9F /* Debug */,
				6AD18AA7287656C7005BAB9F /* Release */,
			);
			defaultConfigurationIsVisible = 0;
			defaultConfigurationName = Release;
		};
		6AD18AA8287656C7005BAB9F /* Build configuration list for PBXNativeTarget "Landmarks (macOS)" */ = {
			isa = XCConfigurationList;
			buildConfigurations = (
				6AD18AA9287656C7005BAB9F /* Debug */,
				6AD18AAA287656C7005BAB9F /* Release */,
			);
			defaultConfigurationIsVisible = 0;
			defaultConfigurationName = Release;
		};
/* End XCConfigurationList section */
	};
	rootObject = 6AD18A88287656BF005BAB9F /* Project object */;
}
