// !$*UTF8*$!
{
	archiveVersion = 1;
	classes = {
	};
	objectVersion = 56;
	objects = {

/* Begin PBXBuildFile section */
		F97374AD2BAA6C6100A7755A /* TinderCloneApp.swift in Sources */ = {isa = PBXBuildFile; fileRef = F97374AC2BAA6C6100A7755A /* TinderCloneApp.swift */; };
		F97374AF2BAA6C6100A7755A /* ContentView.swift in Sources */ = {isa = PBXBuildFile; fileRef = F97374AE2BAA6C6100A7755A /* ContentView.swift */; };
		F97374B12BAA6C6300A7755A /* Assets.xcassets in Resources */ = {isa = PBXBuildFile; fileRef = F97374B02BAA6C6300A7755A /* Assets.xcassets */; };
		F97374B42BAA6C6300A7755A /* Preview Assets.xcassets in Resources */ = {isa = PBXBuildFile; fileRef = F97374B32BAA6C6300A7755A /* Preview Assets.xcassets */; };
		F97374C72BAA6DC600A7755A /* MainTabView.swift in Sources */ = {isa = PBXBuildFile; fileRef = F97374C62BAA6DC600A7755A /* MainTabView.swift */; };
/* End PBXBuildFile section */

/* Begin PBXFileReference section */
		F97374A92BAA6C6100A7755A /* TinderClone.app */ = {isa = PBXFileReference; explicitFileType = wrapper.application; includeInIndex = 0; path = TinderClone.app; sourceTree = BUILT_PRODUCTS_DIR; };
		F97374AC2BAA6C6100A7755A /* TinderCloneApp.swift */ = {isa = PBXFileReference; lastKnownFileType = sourcecode.swift; path = TinderCloneApp.swift; sourceTree = "<group>"; };
		F97374AE2BAA6C6100A7755A /* ContentView.swift */ = {isa = PBXFileReference; lastKnownFileType = sourcecode.swift; path = ContentView.swift; sourceTree = "<group>"; };
		F97374B02BAA6C6300A7755A /* Assets.xcassets */ = {isa = PBXFileReference; lastKnownFileType = folder.assetcatalog; path = Assets.xcassets; sourceTree = "<group>"; };
		F97374B32BAA6C6300A7755A /* Preview Assets.xcassets */ = {isa = PBXFileReference; lastKnownFileType = folder.assetcatalog; path = "Preview Assets.xcassets"; sourceTree = "<group>"; };
		F97374C62BAA6DC600A7755A /* MainTabView.swift */ = {isa = PBXFileReference; lastKnownFileType = sourcecode.swift; path = MainTabView.swift; sourceTree = "<group>"; };
/* End PBXFileReference section */

/* Begin PBXFrameworksBuildPhase section */
		F97374A62BAA6C6100A7755A /* Frameworks */ = {
			isa = PBXFrameworksBuildPhase;
			buildActionMask = 2147483647;
			files = (
			);
			runOnlyForDeploymentPostprocessing = 0;
		};
/* End PBXFrameworksBuildPhase section */

/* Begin PBXGroup section */
		F97374A02BAA6C6100A7755A = {
			isa = PBXGroup;
			children = (
				F97374AB2BAA6C6100A7755A /* TinderClone */,
				F97374AA2BAA6C6100A7755A /* Products */,
			);
			sourceTree = "<group>";
		};
		F97374AA2BAA6C6100A7755A /* Products */ = {
			isa = PBXGroup;
			children = (
				F97374A92BAA6C6100A7755A /* TinderClone.app */,
			);
			name = Products;
			sourceTree = "<group>";
		};
		F97374AB2BAA6C6100A7755A /* TinderClone */ = {
			isa = PBXGroup;
			children = (
				F97374BE2BAA6CD500A7755A /* App */,
				F97374BD2BAA6CD200A7755A /* Core */,
				F97374BC2BAA6CCF00A7755A /* Extensions */,
				F97374BB2BAA6CCB00A7755A /* Shared */,
				F97374BA2BAA6CC800A7755A /* Utils */,
				F97374AE2BAA6C6100A7755A /* ContentView.swift */,
				F97374B02BAA6C6300A7755A /* Assets.xcassets */,
				F97374B22BAA6C6300A7755A /* Preview Content */,
			);
			path = TinderClone;
			sourceTree = "<group>";
		};
		F97374B22BAA6C6300A7755A /* Preview Content */ = {
			isa = PBXGroup;
			children = (
				F97374B32BAA6C6300A7755A /* Preview Assets.xcassets */,
			);
			path = "Preview Content";
			sourceTree = "<group>";
		};
		F97374BA2BAA6CC800A7755A /* Utils */ = {
			isa = PBXGroup;
			children = (
			);
			path = Utils;
			sourceTree = "<group>";
		};
		F97374BB2BAA6CCB00A7755A /* Shared */ = {
			isa = PBXGroup;
			children = (
			);
			path = Shared;
			sourceTree = "<group>";
		};
		F97374BC2BAA6CCF00A7755A /* Extensions */ = {
			isa = PBXGroup;
			children = (
			);
			path = Extensions;
			sourceTree = "<group>";
		};
		F97374BD2BAA6CD200A7755A /* Core */ = {
			isa = PBXGroup;
			children = (
				F97374C02BAA6D4F00A7755A /* Cards */,
				F97374C32BAA6D7300A7755A /* Messaging */,
				F97374C12BAA6D6000A7755A /* Profile */,
				F97374C22BAA6D6600A7755A /* Search */,
				F97374BF2BAA6D4800A7755A /* Tabbar */,
			);
			path = Core;
			sourceTree = "<group>";
		};
		F97374BE2BAA6CD500A7755A /* App */ = {
			isa = PBXGroup;
			children = (
				F97374AC2BAA6C6100A7755A /* TinderCloneApp.swift */,
			);
			path = App;
			sourceTree = "<group>";
		};
		F97374BF2BAA6D4800A7755A /* Tabbar */ = {
			isa = PBXGroup;
			children = (
				F97374C62BAA6DC600A7755A /* MainTabView.swift */,
			);
			path = Tabbar;
			sourceTree = "<group>";
		};
		F97374C02BAA6D4F00A7755A /* Cards */ = {
			isa = PBXGroup;
			children = (
			);
			path = Cards;
			sourceTree = "<group>";
		};
		F97374C12BAA6D6000A7755A /* Profile */ = {
			isa = PBXGroup;
			children = (
			);
			path = Profile;
			sourceTree = "<group>";
		};
		F97374C22BAA6D6600A7755A /* Search */ = {
			isa = PBXGroup;
			children = (
			);
			path = Search;
			sourceTree = "<group>";
		};
		F97374C32BAA6D7300A7755A /* Messaging */ = {
			isa = PBXGroup;
			children = (
			);
			path = Messaging;
			sourceTree = "<group>";
		};
/* End PBXGroup section */

/* Begin PBXNativeTarget section */
		F97374A82BAA6C6100A7755A /* TinderClone */ = {
			isa = PBXNativeTarget;
			buildConfigurationList = F97374B72BAA6C6300A7755A /* Build configuration list for PBXNativeTarget "TinderClone" */;
			buildPhases = (
				F97374A52BAA6C6100A7755A /* Sources */,
				F97374A62BAA6C6100A7755A /* Frameworks */,
				F97374A72BAA6C6100A7755A /* Resources */,
			);
			buildRules = (
			);
			dependencies = (
			);
			name = TinderClone;
			productName = TinderClone;
			productReference = F97374A92BAA6C6100A7755A /* TinderClone.app */;
			productType = "com.apple.product-type.application";
		};
/* End PBXNativeTarget section */

/* Begin PBXProject section */
		F97374A12BAA6C6100A7755A /* Project object */ = {
			isa = PBXProject;
			attributes = {
				BuildIndependentTargetsInParallel = 1;
				LastSwiftUpdateCheck = 1530;
				LastUpgradeCheck = 1530;
				TargetAttributes = {
					F97374A82BAA6C6100A7755A = {
						CreatedOnToolsVersion = 15.3;
					};
				};
			};
			buildConfigurationList = F97374A42BAA6C6100A7755A /* Build configuration list for PBXProject "TinderClone" */;
			compatibilityVersion = "Xcode 14.0";
			developmentRegion = en;
			hasScannedForEncodings = 0;
			knownRegions = (
				en,
				Base,
			);
			mainGroup = F97374A02BAA6C6100A7755A;
			productRefGroup = F97374AA2BAA6C6100A7755A /* Products */;
			projectDirPath = "";
			projectRoot = "";
			targets = (
				F97374A82BAA6C6100A7755A /* TinderClone */,
			);
		};
/* End PBXProject section */

/* Begin PBXResourcesBuildPhase section */
		F97374A72BAA6C6100A7755A /* Resources */ = {
			isa = PBXResourcesBuildPhase;
			buildActionMask = 2147483647;
			files = (
				F97374B42BAA6C6300A7755A /* Preview Assets.xcassets in Resources */,
				F97374B12BAA6C6300A7755A /* Assets.xcassets in Resources */,
			);
			runOnlyForDeploymentPostprocessing = 0;
		};
/* End PBXResourcesBuildPhase section */

/* Begin PBXSourcesBuildPhase section */
		F97374A52BAA6C6100A7755A /* Sources */ = {
			isa = PBXSourcesBuildPhase;
			buildActionMask = 2147483647;
			files = (
				F97374C72BAA6DC600A7755A /* MainTabView.swift in Sources */,
				F97374AF2BAA6C6100A7755A /* ContentView.swift in Sources */,
				F97374AD2BAA6C6100A7755A /* TinderCloneApp.swift in Sources */,
			);
			runOnlyForDeploymentPostprocessing = 0;
		};
/* End PBXSourcesBuildPhase section */

/* Begin XCBuildConfiguration section */
		F97374B52BAA6C6300A7755A /* Debug */ = {
			isa = XCBuildConfiguration;
			buildSettings = {
				ALWAYS_SEARCH_USER_PATHS = NO;
				ASSETCATALOG_COMPILER_GENERATE_SWIFT_ASSET_SYMBOL_EXTENSIONS = YES;
				CLANG_ANALYZER_NONNULL = YES;
				CLANG_ANALYZER_NUMBER_OBJECT_CONVERSION = YES_AGGRESSIVE;
				CLANG_CXX_LANGUAGE_STANDARD = "gnu++20";
				CLANG_ENABLE_MODULES = YES;
				CLANG_ENABLE_OBJC_ARC = YES;
				CLANG_ENABLE_OBJC_WEAK = YES;
				CLANG_WARN_BLOCK_CAPTURE_AUTORELEASING = YES;
				CLANG_WARN_BOOL_CONVERSION = YES;
				CLANG_WARN_COMMA = YES;
				CLANG_WARN_CONSTANT_CONVERSION = YES;
				CLANG_WARN_DEPRECATED_OBJC_IMPLEMENTATIONS = YES;
				CLANG_WARN_DIRECT_OBJC_ISA_USAGE = YES_ERROR;
				CLANG_WARN_DOCUMENTATION_COMMENTS = YES;
				CLANG_WARN_EMPTY_BODY = YES;
				CLANG_WARN_ENUM_CONVERSION = YES;
				CLANG_WARN_INFINITE_RECURSION = YES;
				CLANG_WARN_INT_CONVERSION = YES;
				CLANG_WARN_NON_LITERAL_NULL_CONVERSION = YES;
				CLANG_WARN_OBJC_IMPLICIT_RETAIN_SELF = YES;
				CLANG_WARN_OBJC_LITERAL_CONVERSION = YES;
				CLANG_WARN_OBJC_ROOT_CLASS = YES_ERROR;
				CLANG_WARN_QUOTED_INCLUDE_IN_FRAMEWORK_HEADER = YES;
				CLANG_WARN_RANGE_LOOP_ANALYSIS = YES;
				CLANG_WARN_STRICT_PROTOTYPES = YES;
				CLANG_WARN_SUSPICIOUS_MOVE = YES;
				CLANG_WARN_UNGUARDED_AVAILABILITY = YES_AGGRESSIVE;
				CLANG_WARN_UNREACHABLE_CODE = YES;
				CLANG_WARN__DUPLICATE_METHOD_MATCH = YES;
				COPY_PHASE_STRIP = NO;
				DEBUG_INFORMATION_FORMAT = dwarf;
				ENABLE_STRICT_OBJC_MSGSEND = YES;
				ENABLE_TESTABILITY = YES;
				ENABLE_USER_SCRIPT_SANDBOXING = YES;
				GCC_C_LANGUAGE_STANDARD = gnu17;
				GCC_DYNAMIC_NO_PIC = NO;
				GCC_NO_COMMON_BLOCKS = YES;
				GCC_OPTIMIZATION_LEVEL = 0;
				GCC_PREPROCESSOR_DEFINITIONS = (
					"DEBUG=1",
					"$(inherited)",
				);
				GCC_WARN_64_TO_32_BIT_CONVERSION = YES;
				GCC_WARN_ABOUT_RETURN_TYPE = YES_ERROR;
				GCC_WARN_UNDECLARED_SELECTOR = YES;
				GCC_WARN_UNINITIALIZED_AUTOS = YES_AGGRESSIVE;
				GCC_WARN_UNUSED_FUNCTION = YES;
				GCC_WARN_UNUSED_VARIABLE = YES;
				IPHONEOS_DEPLOYMENT_TARGET = 17.4;
				LOCALIZATION_PREFERS_STRING_CATALOGS = YES;
				MTL_ENABLE_DEBUG_INFO = INCLUDE_SOURCE;
				MTL_FAST_MATH = YES;
				ONLY_ACTIVE_ARCH = YES;
				SDKROOT = iphoneos;
				SWIFT_ACTIVE_COMPILATION_CONDITIONS = "DEBUG $(inherited)";
				SWIFT_OPTIMIZATION_LEVEL = "-Onone";
			};
			name = Debug;
		};
		F97374B62BAA6C6300A7755A /* Release */ = {
			isa = XCBuildConfiguration;
			buildSettings = {
				ALWAYS_SEARCH_USER_PATHS = NO;
				ASSETCATALOG_COMPILER_GENERATE_SWIFT_ASSET_SYMBOL_EXTENSIONS = YES;
				CLANG_ANALYZER_NONNULL = YES;
				CLANG_ANALYZER_NUMBER_OBJECT_CONVERSION = YES_AGGRESSIVE;
				CLANG_CXX_LANGUAGE_STANDARD = "gnu++20";
				CLANG_ENABLE_MODULES = YES;
				CLANG_ENABLE_OBJC_ARC = YES;
				CLANG_ENABLE_OBJC_WEAK = YES;
				CLANG_WARN_BLOCK_CAPTURE_AUTORELEASING = YES;
				CLANG_WARN_BOOL_CONVERSION = YES;
				CLANG_WARN_COMMA = YES;
				CLANG_WARN_CONSTANT_CONVERSION = YES;
				CLANG_WARN_DEPRECATED_OBJC_IMPLEMENTATIONS = YES;
				CLANG_WARN_DIRECT_OBJC_ISA_USAGE = YES_ERROR;
				CLANG_WARN_DOCUMENTATION_COMMENTS = YES;
				CLANG_WARN_EMPTY_BODY = YES;
				CLANG_WARN_ENUM_CONVERSION = YES;
				CLANG_WARN_INFINITE_RECURSION = YES;
				CLANG_WARN_INT_CONVERSION = YES;
				CLANG_WARN_NON_LITERAL_NULL_CONVERSION = YES;
				CLANG_WARN_OBJC_IMPLICIT_RETAIN_SELF = YES;
				CLANG_WARN_OBJC_LITERAL_CONVERSION = YES;
				CLANG_WARN_OBJC_ROOT_CLASS = YES_ERROR;
				CLANG_WARN_QUOTED_INCLUDE_IN_FRAMEWORK_HEADER = YES;
				CLANG_WARN_RANGE_LOOP_ANALYSIS = YES;
				CLANG_WARN_STRICT_PROTOTYPES = YES;
				CLANG_WARN_SUSPICIOUS_MOVE = YES;
				CLANG_WARN_UNGUARDED_AVAILABILITY = YES_AGGRESSIVE;
				CLANG_WARN_UNREACHABLE_CODE = YES;
				CLANG_WARN__DUPLICATE_METHOD_MATCH = YES;
				COPY_PHASE_STRIP = NO;
				DEBUG_INFORMATION_FORMAT = "dwarf-with-dsym";
				ENABLE_NS_ASSERTIONS = NO;
				ENABLE_STRICT_OBJC_MSGSEND = YES;
				ENABLE_USER_SCRIPT_SANDBOXING = YES;
				GCC_C_LANGUAGE_STANDARD = gnu17;
				GCC_NO_COMMON_BLOCKS = YES;
				GCC_WARN_64_TO_32_BIT_CONVERSION = YES;
				GCC_WARN_ABOUT_RETURN_TYPE = YES_ERROR;
				GCC_WARN_UNDECLARED_SELECTOR = YES;
				GCC_WARN_UNINITIALIZED_AUTOS = YES_AGGRESSIVE;
				GCC_WARN_UNUSED_FUNCTION = YES;
				GCC_WARN_UNUSED_VARIABLE = YES;
				IPHONEOS_DEPLOYMENT_TARGET = 17.4;
				LOCALIZATION_PREFERS_STRING_CATALOGS = YES;
				MTL_ENABLE_DEBUG_INFO = NO;
				MTL_FAST_MATH = YES;
				SDKROOT = iphoneos;
				SWIFT_COMPILATION_MODE = wholemodule;
				VALIDATE_PRODUCT = YES;
			};
			name = Release;
		};
		F97374B82BAA6C6300A7755A /* Debug */ = {
			isa = XCBuildConfiguration;
			buildSettings = {
				ASSETCATALOG_COMPILER_APPICON_NAME = AppIcon;
				ASSETCATALOG_COMPILER_GLOBAL_ACCENT_COLOR_NAME = AccentColor;
				CODE_SIGN_STYLE = Automatic;
				CURRENT_PROJECT_VERSION = 1;
				DEVELOPMENT_ASSET_PATHS = "\"TinderClone/Preview Content\"";
				DEVELOPMENT_TEAM = X9V22R376N;
				ENABLE_PREVIEWS = YES;
				GENERATE_INFOPLIST_FILE = YES;
				INFOPLIST_KEY_UIApplicationSceneManifest_Generation = YES;
				INFOPLIST_KEY_UIApplicationSupportsIndirectInputEvents = YES;
				INFOPLIST_KEY_UILaunchScreen_Generation = YES;
				INFOPLIST_KEY_UISupportedInterfaceOrientations_iPad = "UIInterfaceOrientationPortrait UIInterfaceOrientationPortraitUpsideDown UIInterfaceOrientationLandscapeLeft UIInterfaceOrientationLandscapeRight";
				INFOPLIST_KEY_UISupportedInterfaceOrientations_iPhone = "UIInterfaceOrientationPortrait UIInterfaceOrientationLandscapeLeft UIInterfaceOrientationLandscapeRight";
				LD_RUNPATH_SEARCH_PATHS = (
					"$(inherited)",
					"@executable_path/Frameworks",
				);
				MARKETING_VERSION = 1.0;
				PRODUCT_BUNDLE_IDENTIFIER = "mauricio-maniglia.TinderClone";
				PRODUCT_NAME = "$(TARGET_NAME)";
				SWIFT_EMIT_LOC_STRINGS = YES;
				SWIFT_VERSION = 5.0;
				TARGETED_DEVICE_FAMILY = "1,2";
			};
			name = Debug;
		};
		F97374B92BAA6C6300A7755A /* Release */ = {
			isa = XCBuildConfiguration;
			buildSettings = {
				ASSETCATALOG_COMPILER_APPICON_NAME = AppIcon;
				ASSETCATALOG_COMPILER_GLOBAL_ACCENT_COLOR_NAME = AccentColor;
				CODE_SIGN_STYLE = Automatic;
				CURRENT_PROJECT_VERSION = 1;
				DEVELOPMENT_ASSET_PATHS = "\"TinderClone/Preview Content\"";
				DEVELOPMENT_TEAM = X9V22R376N;
				ENABLE_PREVIEWS = YES;
				GENERATE_INFOPLIST_FILE = YES;
				INFOPLIST_KEY_UIApplicationSceneManifest_Generation = YES;
				INFOPLIST_KEY_UIApplicationSupportsIndirectInputEvents = YES;
				INFOPLIST_KEY_UILaunchScreen_Generation = YES;
				INFOPLIST_KEY_UISupportedInterfaceOrientations_iPad = "UIInterfaceOrientationPortrait UIInterfaceOrientationPortraitUpsideDown UIInterfaceOrientationLandscapeLeft UIInterfaceOrientationLandscapeRight";
				INFOPLIST_KEY_UISupportedInterfaceOrientations_iPhone = "UIInterfaceOrientationPortrait UIInterfaceOrientationLandscapeLeft UIInterfaceOrientationLandscapeRight";
				LD_RUNPATH_SEARCH_PATHS = (
					"$(inherited)",
					"@executable_path/Frameworks",
				);
				MARKETING_VERSION = 1.0;
				PRODUCT_BUNDLE_IDENTIFIER = "mauricio-maniglia.TinderClone";
				PRODUCT_NAME = "$(TARGET_NAME)";
				SWIFT_EMIT_LOC_STRINGS = YES;
				SWIFT_VERSION = 5.0;
				TARGETED_DEVICE_FAMILY = "1,2";
			};
			name = Release;
		};
/* End XCBuildConfiguration section */

/* Begin XCConfigurationList section */
		F97374A42BAA6C6100A7755A /* Build configuration list for PBXProject "TinderClone" */ = {
			isa = XCConfigurationList;
			buildConfigurations = (
				F97374B52BAA6C6300A7755A /* Debug */,
				F97374B62BAA6C6300A7755A /* Release */,
			);
			defaultConfigurationIsVisible = 0;
			defaultConfigurationName = Release;
		};
		F97374B72BAA6C6300A7755A /* Build configuration list for PBXNativeTarget "TinderClone" */ = {
			isa = XCConfigurationList;
			buildConfigurations = (
				F97374B82BAA6C6300A7755A /* Debug */,
				F97374B92BAA6C6300A7755A /* Release */,
			);
			defaultConfigurationIsVisible = 0;
			defaultConfigurationName = Release;
		};
/* End XCConfigurationList section */
	};
	rootObject = F97374A12BAA6C6100A7755A /* Project object */;
}
